// !$*UTF8*$!
{
	archiveVersion = 1;
	classes = {
	};
	objectVersion = 56;
	objects = {

/* Begin PBXBuildFile section */
		000CD069297A6CF900AD1FA2 /* XCTestCase+Snapshot.swift in Sources */ = {isa = PBXBuildFile; fileRef = 00D9B0D9297A69360034D2D9 /* XCTestCase+Snapshot.swift */; };
		000CD06E297A6E1000AD1FA2 /* UIViewController+Snapshot.swift in Sources */ = {isa = PBXBuildFile; fileRef = 00D9B0DB297A69360034D2D9 /* UIViewController+Snapshot.swift */; };
		000CD072297A72AD00AD1FA2 /* two_options.png in Resources */ = {isa = PBXBuildFile; fileRef = 000CD071297A72AD00AD1FA2 /* two_options.png */; };
		0037C4CD29199E9A004937CA /* NavigationControllerRouterTest.swift in Sources */ = {isa = PBXBuildFile; fileRef = 0037C4CC29199E9A004937CA /* NavigationControllerRouterTest.swift */; };
		0037C4CF2919A021004937CA /* NavigationControllerRouter.swift in Sources */ = {isa = PBXBuildFile; fileRef = 0037C4CE2919A021004937CA /* NavigationControllerRouter.swift */; };
		0052F99B297BC56B0048F44F /* RoundedButton.swift in Sources */ = {isa = PBXBuildFile; fileRef = 0052F99A297BC56B0048F44F /* RoundedButton.swift */; };
		0052F99D297BD7F50048F44F /* ResultView.swift in Sources */ = {isa = PBXBuildFile; fileRef = 0052F99C297BD7F50048F44F /* ResultView.swift */; };
		0052F99F297BEB7C0048F44F /* ResultAnswerCell.swift in Sources */ = {isa = PBXBuildFile; fileRef = 0052F99E297BEB7C0048F44F /* ResultAnswerCell.swift */; };
		0054C05B29787D1400ABDC4E /* SingleAnswerQuestion.swift in Sources */ = {isa = PBXBuildFile; fileRef = 0054C05A29787D1400ABDC4E /* SingleAnswerQuestion.swift */; };
		005B449D2984515C00A7FB5E /* BasicQuizBuilderTest.swift in Sources */ = {isa = PBXBuildFile; fileRef = 0006778829811B41003B2612 /* BasicQuizBuilderTest.swift */; };
		005B449E2984515C00A7FB5E /* ScoreTest.swift in Sources */ = {isa = PBXBuildFile; fileRef = 0096F8C72975C4E10003F273 /* ScoreTest.swift */; };
		005B449F298451D600A7FB5E /* BasicScore.swift in Sources */ = {isa = PBXBuildFile; fileRef = 0096F8CA2975C5D20003F273 /* BasicScore.swift */; };
		005B44A0298451DA00A7FB5E /* BasicQuizBuilder.swift in Sources */ = {isa = PBXBuildFile; fileRef = 005B449B298450C100A7FB5E /* BasicQuizBuilder.swift */; };
		005B44A22984523C00A7FB5E /* Question.swift in Sources */ = {isa = PBXBuildFile; fileRef = 005B44A12984523C00A7FB5E /* Question.swift */; };
		00661739291703F2006D68B2 /* TableViewHelpers.swift in Sources */ = {isa = PBXBuildFile; fileRef = 00661738291703F2006D68B2 /* TableViewHelpers.swift */; };
		0066173B29170E27006D68B2 /* CorrectAnswerCell.xib in Resources */ = {isa = PBXBuildFile; fileRef = 0066173A29170E27006D68B2 /* CorrectAnswerCell.xib */; };
		0066173D29171A50006D68B2 /* WrongAnswerCell.xib in Resources */ = {isa = PBXBuildFile; fileRef = 0066173C29171A50006D68B2 /* WrongAnswerCell.xib */; };
		0066173F29172A45006D68B2 /* UITableViewExtensions.swift in Sources */ = {isa = PBXBuildFile; fileRef = 0066173E29172A45006D68B2 /* UITableViewExtensions.swift */; };
		0066174129172ACA006D68B2 /* PresentableAnswer.swift in Sources */ = {isa = PBXBuildFile; fileRef = 0066174029172ACA006D68B2 /* PresentableAnswer.swift */; };
		0066174329172B17006D68B2 /* CorrectAnswerCell.swift in Sources */ = {isa = PBXBuildFile; fileRef = 0066174229172B17006D68B2 /* CorrectAnswerCell.swift */; };
		0066174529172B25006D68B2 /* WrongAnswerCell.swift in Sources */ = {isa = PBXBuildFile; fileRef = 0066174429172B25006D68B2 /* WrongAnswerCell.swift */; };
		008075E72916E9C30077A416 /* ResultViewControllerTest.swift in Sources */ = {isa = PBXBuildFile; fileRef = 008075E62916E9C30077A416 /* ResultViewControllerTest.swift */; };
		008075E92916EA7F0077A416 /* ResultsViewController.swift in Sources */ = {isa = PBXBuildFile; fileRef = 008075E82916EA7F0077A416 /* ResultsViewController.swift */; };
		008075EB2916EB3D0077A416 /* ResultsViewController.xib in Resources */ = {isa = PBXBuildFile; fileRef = 008075EA2916EB3D0077A416 /* ResultsViewController.xib */; };
		0081802129138A600068EF40 /* AppDelegate.swift in Sources */ = {isa = PBXBuildFile; fileRef = 0081802029138A600068EF40 /* AppDelegate.swift */; };
		0081802A29138A630068EF40 /* Assets.xcassets in Resources */ = {isa = PBXBuildFile; fileRef = 0081802929138A630068EF40 /* Assets.xcassets */; };
		0081802D29138A630068EF40 /* LaunchScreen.storyboard in Resources */ = {isa = PBXBuildFile; fileRef = 0081802B29138A630068EF40 /* LaunchScreen.storyboard */; };
		00ADE619291B79A9007883CA /* IOSUIKitViewControllerFactory.swift in Sources */ = {isa = PBXBuildFile; fileRef = 00ADE618291B79A9007883CA /* IOSUIKitViewControllerFactory.swift */; };
		00B99B102913A63E00D187B0 /* QuestionViewController.xib in Resources */ = {isa = PBXBuildFile; fileRef = 00B99B0F2913A63E00D187B0 /* QuestionViewController.xib */; };
		00C8227A297FFC7800B5E695 /* QuizNavigationView.swift in Sources */ = {isa = PBXBuildFile; fileRef = 00C82279297FFC7800B5E695 /* QuizNavigationView.swift */; };
		00C8227C2980553400B5E695 /* QuizApp.swift in Sources */ = {isa = PBXBuildFile; fileRef = 00C8227B2980553400B5E695 /* QuizApp.swift */; };
		00C8227E298058D800B5E695 /* DemoQuizData.swift in Sources */ = {isa = PBXBuildFile; fileRef = 00C8227D298058D800B5E695 /* DemoQuizData.swift */; };
		00C9C6382913926400F52716 /* QuestionViewControllerTest.swift in Sources */ = {isa = PBXBuildFile; fileRef = 00C9C6372913926400F52716 /* QuestionViewControllerTest.swift */; };
		00C9C63A291395C100F52716 /* QuestionViewController.swift in Sources */ = {isa = PBXBuildFile; fileRef = 00C9C639291395C100F52716 /* QuestionViewController.swift */; };
		00D9B0C7297924590034D2D9 /* HeaderView.swift in Sources */ = {isa = PBXBuildFile; fileRef = 00D9B0C6297924590034D2D9 /* HeaderView.swift */; };
		00D9B0C9297926890034D2D9 /* SingleTextSelectionCell.swift in Sources */ = {isa = PBXBuildFile; fileRef = 00D9B0C8297926890034D2D9 /* SingleTextSelectionCell.swift */; };
		00D9B0CB2979333F0034D2D9 /* IOSSwiftUINavigationAdapterTest.swift in Sources */ = {isa = PBXBuildFile; fileRef = 00D9B0CA2979333F0034D2D9 /* IOSSwiftUINavigationAdapterTest.swift */; };
		00D9B0CD297933BE0034D2D9 /* IOSSwiftUINavigationAdapter.swift in Sources */ = {isa = PBXBuildFile; fileRef = 00D9B0CC297933BE0034D2D9 /* IOSSwiftUINavigationAdapter.swift */; };
		00D9B0D12979BBDD0034D2D9 /* MultipleSelectionStoreTest.swift in Sources */ = {isa = PBXBuildFile; fileRef = 00D9B0D02979BBDD0034D2D9 /* MultipleSelectionStoreTest.swift */; };
		00D9B0D32979C4700034D2D9 /* MultipleSelectionStore.swift in Sources */ = {isa = PBXBuildFile; fileRef = 00D9B0D22979C4700034D2D9 /* MultipleSelectionStore.swift */; };
		00D9B0D52979C7D20034D2D9 /* MultipleAnswerQuestion.swift in Sources */ = {isa = PBXBuildFile; fileRef = 00D9B0D42979C7D20034D2D9 /* MultipleAnswerQuestion.swift */; };
		00D9B0D72979C8A40034D2D9 /* MultipleTextSelectionCell.swift in Sources */ = {isa = PBXBuildFile; fileRef = 00D9B0D62979C8A40034D2D9 /* MultipleTextSelectionCell.swift */; };
		00D9B0E0297A69D60034D2D9 /* MultipleAnswerQuestionSnapshotTest.swift in Sources */ = {isa = PBXBuildFile; fileRef = 00D9B0DF297A69D60034D2D9 /* MultipleAnswerQuestionSnapshotTest.swift */; };
		00EF5D79291CF71A00277C4E /* ResultsPresenterTest.swift in Sources */ = {isa = PBXBuildFile; fileRef = 00EF5D78291CF71A00277C4E /* ResultsPresenterTest.swift */; };
		00EF5D7F291CFCA700277C4E /* ResultsPresenter.swift in Sources */ = {isa = PBXBuildFile; fileRef = 00EF5D7E291CFCA700277C4E /* ResultsPresenter.swift */; };
		00EF5D81291D641E00277C4E /* QuestionPresenterTest.swift in Sources */ = {isa = PBXBuildFile; fileRef = 00EF5D80291D641E00277C4E /* QuestionPresenterTest.swift */; };
		00EF5D83291D651400277C4E /* QuestionPresenter.swift in Sources */ = {isa = PBXBuildFile; fileRef = 00EF5D82291D651400277C4E /* QuestionPresenter.swift */; };
		00F2771B291AC173009573BD /* ViewControllerFactory.swift in Sources */ = {isa = PBXBuildFile; fileRef = 00F2771A291AC173009573BD /* ViewControllerFactory.swift */; };
		00F2771D291AC1FC009573BD /* IOSUIKitViewControllerFactoryTest.swift in Sources */ = {isa = PBXBuildFile; fileRef = 00F2771C291AC1FC009573BD /* IOSUIKitViewControllerFactoryTest.swift */; };
/* End PBXBuildFile section */

/* Begin PBXContainerItemProxy section */
		005B448A29844ED100A7FB5E /* PBXContainerItemProxy */ = {
			isa = PBXContainerItemProxy;
			containerPortal = 0081801529138A5F0068EF40 /* Project object */;
			proxyType = 1;
			remoteGlobalIDString = 005B448029844ED100A7FB5E;
			remoteInfo = BasicQuizDomain;
		};
		005B449829844F7400A7FB5E /* PBXContainerItemProxy */ = {
			isa = PBXContainerItemProxy;
			containerPortal = 0081801529138A5F0068EF40 /* Project object */;
			proxyType = 1;
			remoteGlobalIDString = 005B448029844ED100A7FB5E;
			remoteInfo = BasicQuizDomain;
		};
		005B44A3298457D400A7FB5E /* PBXContainerItemProxy */ = {
			isa = PBXContainerItemProxy;
			containerPortal = 0081801529138A5F0068EF40 /* Project object */;
			proxyType = 1;
			remoteGlobalIDString = 0081801C29138A600068EF40;
			remoteInfo = QuizApp;
		};
		0081803429138A630068EF40 /* PBXContainerItemProxy */ = {
			isa = PBXContainerItemProxy;
			containerPortal = 0081801529138A5F0068EF40 /* Project object */;
			proxyType = 1;
			remoteGlobalIDString = 0081801C29138A600068EF40;
			remoteInfo = QuizApp;
		};
/* End PBXContainerItemProxy section */

/* Begin PBXFileReference section */
		00020A7E2988D82400FC1AE0 /* QuizApp.app */ = {isa = PBXFileReference; explicitFileType = wrapper.application; includeInIndex = 0; name = QuizApp.app; path = "/Users/aa/Projects/_Githubbed/Quiz/QuizApp/build/Debug-iphoneos/QuizApp.app"; sourceTree = "<absolute>"; };
		00020A802988D82400FC1AE0 /* QuizAppTests.xctest */ = {isa = PBXFileReference; explicitFileType = wrapper.cfbundle; includeInIndex = 0; name = QuizAppTests.xctest; path = "/Users/aa/Projects/_Githubbed/Quiz/QuizApp/build/Debug-iphoneos/QuizAppTests.xctest"; sourceTree = "<absolute>"; };
		00020A822988D86600FC1AE0 /* BasicQuizDomain.framework */ = {isa = PBXFileReference; explicitFileType = wrapper.framework; includeInIndex = 0; name = BasicQuizDomain.framework; path = /Users/aa/Projects/_Githubbed/Quiz/QuizApp/build/Debug/BasicQuizDomain.framework; sourceTree = "<absolute>"; };
		00020A832988D86600FC1AE0 /* BasicQuizDomainTests.xctest */ = {isa = PBXFileReference; explicitFileType = wrapper.cfbundle; includeInIndex = 0; name = BasicQuizDomainTests.xctest; path = /Users/aa/Projects/_Githubbed/Quiz/QuizApp/build/Debug/BasicQuizDomainTests.xctest; sourceTree = "<absolute>"; };
		00020A862988D89F00FC1AE0 /* QuizEngine.framework */ = {isa = PBXFileReference; lastKnownFileType = wrapper.framework; name = QuizEngine.framework; path = "../../../../../Library/Developer/Xcode/DerivedData/QuizApp-dzqqmcrsbahjyecnfrlcdxvmefpp/Build/Products/Debug-iphoneos/QuizEngine.framework"; sourceTree = "<group>"; };
		00020A872988D8A100FC1AE0 /* BasicQuizDomain.framework */ = {isa = PBXFileReference; lastKnownFileType = wrapper.framework; name = BasicQuizDomain.framework; path = "../../../../../Library/Developer/Xcode/DerivedData/QuizApp-dzqqmcrsbahjyecnfrlcdxvmefpp/Build/Products/Debug-iphonesimulator/BasicQuizDomain.framework"; sourceTree = "<group>"; };
		0006778829811B41003B2612 /* BasicQuizBuilderTest.swift */ = {isa = PBXFileReference; lastKnownFileType = sourcecode.swift; path = BasicQuizBuilderTest.swift; sourceTree = "<group>"; };
		000CD071297A72AD00AD1FA2 /* two_options.png */ = {isa = PBXFileReference; lastKnownFileType = image.png; path = two_options.png; sourceTree = "<group>"; };
		0037C4CC29199E9A004937CA /* NavigationControllerRouterTest.swift */ = {isa = PBXFileReference; lastKnownFileType = sourcecode.swift; path = NavigationControllerRouterTest.swift; sourceTree = "<group>"; };
		0037C4CE2919A021004937CA /* NavigationControllerRouter.swift */ = {isa = PBXFileReference; lastKnownFileType = sourcecode.swift; path = NavigationControllerRouter.swift; sourceTree = "<group>"; };
		0052F99A297BC56B0048F44F /* RoundedButton.swift */ = {isa = PBXFileReference; lastKnownFileType = sourcecode.swift; path = RoundedButton.swift; sourceTree = "<group>"; };
		0052F99C297BD7F50048F44F /* ResultView.swift */ = {isa = PBXFileReference; lastKnownFileType = sourcecode.swift; path = ResultView.swift; sourceTree = "<group>"; };
		0052F99E297BEB7C0048F44F /* ResultAnswerCell.swift */ = {isa = PBXFileReference; lastKnownFileType = sourcecode.swift; path = ResultAnswerCell.swift; sourceTree = "<group>"; };
		0054C05A29787D1400ABDC4E /* SingleAnswerQuestion.swift */ = {isa = PBXFileReference; lastKnownFileType = sourcecode.swift; path = SingleAnswerQuestion.swift; sourceTree = "<group>"; };
		005B449B298450C100A7FB5E /* BasicQuizBuilder.swift */ = {isa = PBXFileReference; lastKnownFileType = sourcecode.swift; path = BasicQuizBuilder.swift; sourceTree = "<group>"; };
		005B44A12984523C00A7FB5E /* Question.swift */ = {isa = PBXFileReference; fileEncoding = 4; lastKnownFileType = sourcecode.swift; path = Question.swift; sourceTree = "<group>"; };
		00661738291703F2006D68B2 /* TableViewHelpers.swift */ = {isa = PBXFileReference; lastKnownFileType = sourcecode.swift; path = TableViewHelpers.swift; sourceTree = "<group>"; };
		0066173A29170E27006D68B2 /* CorrectAnswerCell.xib */ = {isa = PBXFileReference; lastKnownFileType = file.xib; path = CorrectAnswerCell.xib; sourceTree = "<group>"; };
		0066173C29171A50006D68B2 /* WrongAnswerCell.xib */ = {isa = PBXFileReference; lastKnownFileType = file.xib; path = WrongAnswerCell.xib; sourceTree = "<group>"; };
		0066173E29172A45006D68B2 /* UITableViewExtensions.swift */ = {isa = PBXFileReference; lastKnownFileType = sourcecode.swift; path = UITableViewExtensions.swift; sourceTree = "<group>"; };
		0066174029172ACA006D68B2 /* PresentableAnswer.swift */ = {isa = PBXFileReference; lastKnownFileType = sourcecode.swift; path = PresentableAnswer.swift; sourceTree = "<group>"; };
		0066174229172B17006D68B2 /* CorrectAnswerCell.swift */ = {isa = PBXFileReference; lastKnownFileType = sourcecode.swift; path = CorrectAnswerCell.swift; sourceTree = "<group>"; };
		0066174429172B25006D68B2 /* WrongAnswerCell.swift */ = {isa = PBXFileReference; lastKnownFileType = sourcecode.swift; path = WrongAnswerCell.swift; sourceTree = "<group>"; };
		008075E62916E9C30077A416 /* ResultViewControllerTest.swift */ = {isa = PBXFileReference; lastKnownFileType = sourcecode.swift; path = ResultViewControllerTest.swift; sourceTree = "<group>"; };
		008075E82916EA7F0077A416 /* ResultsViewController.swift */ = {isa = PBXFileReference; lastKnownFileType = sourcecode.swift; path = ResultsViewController.swift; sourceTree = "<group>"; };
		008075EA2916EB3D0077A416 /* ResultsViewController.xib */ = {isa = PBXFileReference; lastKnownFileType = file.xib; path = ResultsViewController.xib; sourceTree = "<group>"; };
		0081802029138A600068EF40 /* AppDelegate.swift */ = {isa = PBXFileReference; lastKnownFileType = sourcecode.swift; path = AppDelegate.swift; sourceTree = "<group>"; };
		0081802929138A630068EF40 /* Assets.xcassets */ = {isa = PBXFileReference; lastKnownFileType = folder.assetcatalog; path = Assets.xcassets; sourceTree = "<group>"; };
		0081802C29138A630068EF40 /* Base */ = {isa = PBXFileReference; lastKnownFileType = file.storyboard; name = Base; path = Base.lproj/LaunchScreen.storyboard; sourceTree = "<group>"; };
		0081802E29138A630068EF40 /* Info.plist */ = {isa = PBXFileReference; lastKnownFileType = text.plist.xml; path = Info.plist; sourceTree = "<group>"; };
		0096F8C72975C4E10003F273 /* ScoreTest.swift */ = {isa = PBXFileReference; fileEncoding = 4; lastKnownFileType = sourcecode.swift; path = ScoreTest.swift; sourceTree = "<group>"; };
		0096F8CA2975C5D20003F273 /* BasicScore.swift */ = {isa = PBXFileReference; lastKnownFileType = sourcecode.swift; path = BasicScore.swift; sourceTree = "<group>"; };
		00ADE618291B79A9007883CA /* IOSUIKitViewControllerFactory.swift */ = {isa = PBXFileReference; lastKnownFileType = sourcecode.swift; path = IOSUIKitViewControllerFactory.swift; sourceTree = "<group>"; };
		00B99B0F2913A63E00D187B0 /* QuestionViewController.xib */ = {isa = PBXFileReference; lastKnownFileType = file.xib; path = QuestionViewController.xib; sourceTree = "<group>"; };
		00C82279297FFC7800B5E695 /* QuizNavigationView.swift */ = {isa = PBXFileReference; lastKnownFileType = sourcecode.swift; path = QuizNavigationView.swift; sourceTree = "<group>"; };
		00C8227B2980553400B5E695 /* QuizApp.swift */ = {isa = PBXFileReference; lastKnownFileType = sourcecode.swift; path = QuizApp.swift; sourceTree = "<group>"; };
		00C8227D298058D800B5E695 /* DemoQuizData.swift */ = {isa = PBXFileReference; lastKnownFileType = sourcecode.swift; path = DemoQuizData.swift; sourceTree = "<group>"; };
		00C9C6372913926400F52716 /* QuestionViewControllerTest.swift */ = {isa = PBXFileReference; lastKnownFileType = sourcecode.swift; path = QuestionViewControllerTest.swift; sourceTree = "<group>"; };
		00C9C639291395C100F52716 /* QuestionViewController.swift */ = {isa = PBXFileReference; lastKnownFileType = sourcecode.swift; path = QuestionViewController.swift; sourceTree = "<group>"; };
		00D9B0C6297924590034D2D9 /* HeaderView.swift */ = {isa = PBXFileReference; lastKnownFileType = sourcecode.swift; path = HeaderView.swift; sourceTree = "<group>"; };
		00D9B0C8297926890034D2D9 /* SingleTextSelectionCell.swift */ = {isa = PBXFileReference; lastKnownFileType = sourcecode.swift; path = SingleTextSelectionCell.swift; sourceTree = "<group>"; };
		00D9B0CA2979333F0034D2D9 /* IOSSwiftUINavigationAdapterTest.swift */ = {isa = PBXFileReference; lastKnownFileType = sourcecode.swift; path = IOSSwiftUINavigationAdapterTest.swift; sourceTree = "<group>"; };
		00D9B0CC297933BE0034D2D9 /* IOSSwiftUINavigationAdapter.swift */ = {isa = PBXFileReference; lastKnownFileType = sourcecode.swift; path = IOSSwiftUINavigationAdapter.swift; sourceTree = "<group>"; };
		00D9B0D02979BBDD0034D2D9 /* MultipleSelectionStoreTest.swift */ = {isa = PBXFileReference; lastKnownFileType = sourcecode.swift; path = MultipleSelectionStoreTest.swift; sourceTree = "<group>"; };
		00D9B0D22979C4700034D2D9 /* MultipleSelectionStore.swift */ = {isa = PBXFileReference; lastKnownFileType = sourcecode.swift; path = MultipleSelectionStore.swift; sourceTree = "<group>"; };
		00D9B0D42979C7D20034D2D9 /* MultipleAnswerQuestion.swift */ = {isa = PBXFileReference; lastKnownFileType = sourcecode.swift; path = MultipleAnswerQuestion.swift; sourceTree = "<group>"; };
		00D9B0D62979C8A40034D2D9 /* MultipleTextSelectionCell.swift */ = {isa = PBXFileReference; lastKnownFileType = sourcecode.swift; path = MultipleTextSelectionCell.swift; sourceTree = "<group>"; };
		00D9B0D9297A69360034D2D9 /* XCTestCase+Snapshot.swift */ = {isa = PBXFileReference; fileEncoding = 4; lastKnownFileType = sourcecode.swift; path = "XCTestCase+Snapshot.swift"; sourceTree = "<group>"; };
		00D9B0DB297A69360034D2D9 /* UIViewController+Snapshot.swift */ = {isa = PBXFileReference; fileEncoding = 4; lastKnownFileType = sourcecode.swift; path = "UIViewController+Snapshot.swift"; sourceTree = "<group>"; };
		00D9B0DF297A69D60034D2D9 /* MultipleAnswerQuestionSnapshotTest.swift */ = {isa = PBXFileReference; lastKnownFileType = sourcecode.swift; path = MultipleAnswerQuestionSnapshotTest.swift; sourceTree = "<group>"; };
		00EF5D78291CF71A00277C4E /* ResultsPresenterTest.swift */ = {isa = PBXFileReference; lastKnownFileType = sourcecode.swift; path = ResultsPresenterTest.swift; sourceTree = "<group>"; };
		00EF5D7E291CFCA700277C4E /* ResultsPresenter.swift */ = {isa = PBXFileReference; lastKnownFileType = sourcecode.swift; path = ResultsPresenter.swift; sourceTree = "<group>"; };
		00EF5D80291D641E00277C4E /* QuestionPresenterTest.swift */ = {isa = PBXFileReference; lastKnownFileType = sourcecode.swift; path = QuestionPresenterTest.swift; sourceTree = "<group>"; };
		00EF5D82291D651400277C4E /* QuestionPresenter.swift */ = {isa = PBXFileReference; lastKnownFileType = sourcecode.swift; path = QuestionPresenter.swift; sourceTree = "<group>"; };
		00F2771A291AC173009573BD /* ViewControllerFactory.swift */ = {isa = PBXFileReference; lastKnownFileType = sourcecode.swift; path = ViewControllerFactory.swift; sourceTree = "<group>"; };
		00F2771C291AC1FC009573BD /* IOSUIKitViewControllerFactoryTest.swift */ = {isa = PBXFileReference; lastKnownFileType = sourcecode.swift; path = IOSUIKitViewControllerFactoryTest.swift; sourceTree = "<group>"; };
/* End PBXFileReference section */

/* Begin PBXFrameworksBuildPhase section */
		005B447E29844ED100A7FB5E /* Frameworks */ = {
			isa = PBXFrameworksBuildPhase;
			buildActionMask = 2147483647;
			files = (
			);
			runOnlyForDeploymentPostprocessing = 0;
		};
		005B448529844ED100A7FB5E /* Frameworks */ = {
			isa = PBXFrameworksBuildPhase;
			buildActionMask = 2147483647;
			files = (
			);
			runOnlyForDeploymentPostprocessing = 0;
		};
		0081801A29138A600068EF40 /* Frameworks */ = {
			isa = PBXFrameworksBuildPhase;
			buildActionMask = 2147483647;
			files = (
			);
			runOnlyForDeploymentPostprocessing = 0;
		};
		0081803029138A630068EF40 /* Frameworks */ = {
			isa = PBXFrameworksBuildPhase;
			buildActionMask = 2147483647;
			files = (
			);
			runOnlyForDeploymentPostprocessing = 0;
		};
/* End PBXFrameworksBuildPhase section */

/* Begin PBXGroup section */
		00020A852988D89600FC1AE0 /* Framevorks */ = {
			isa = PBXGroup;
			children = (
				00020A872988D8A100FC1AE0 /* BasicQuizDomain.framework */,
				00020A862988D89F00FC1AE0 /* QuizEngine.framework */,
			);
			path = Framevorks;
			sourceTree = "<group>";
		};
		000CD070297A72AD00AD1FA2 /* snapshots */ = {
			isa = PBXGroup;
			children = (
				000CD071297A72AD00AD1FA2 /* two_options.png */,
			);
			path = snapshots;
			sourceTree = "<group>";
		};
		0052F997297BC2920048F44F /* Helpers */ = {
			isa = PBXGroup;
			children = (
				00D9B0C6297924590034D2D9 /* HeaderView.swift */,
				0052F99A297BC56B0048F44F /* RoundedButton.swift */,
			);
			path = Helpers;
			sourceTree = "<group>";
		};
		0052F998297BC3410048F44F /* Question */ = {
			isa = PBXGroup;
			children = (
				00D9B0D42979C7D20034D2D9 /* MultipleAnswerQuestion.swift */,
				00D9B0D22979C4700034D2D9 /* MultipleSelectionStore.swift */,
				00D9B0D62979C8A40034D2D9 /* MultipleTextSelectionCell.swift */,
				0054C05A29787D1400ABDC4E /* SingleAnswerQuestion.swift */,
				00D9B0C8297926890034D2D9 /* SingleTextSelectionCell.swift */,
			);
			path = Question;
			sourceTree = "<group>";
		};
		0052F999297BC3540048F44F /* Result */ = {
			isa = PBXGroup;
			children = (
				0052F99C297BD7F50048F44F /* ResultView.swift */,
				0052F99E297BEB7C0048F44F /* ResultAnswerCell.swift */,
			);
			path = Result;
			sourceTree = "<group>";
		};
		0054C05729787C8B00ABDC4E /* UIKit */ = {
			isa = PBXGroup;
			children = (
				00DEF55929210BA300536BDE /* Helpers */,
				00DEF55629210B5800536BDE /* Question */,
				00DEF55729210B6300536BDE /* Result */,
			);
			path = UIKit;
			sourceTree = "<group>";
		};
		0054C05829787C9600ABDC4E /* SwiftUI */ = {
			isa = PBXGroup;
			children = (
				00C82279297FFC7800B5E695 /* QuizNavigationView.swift */,
				0052F997297BC2920048F44F /* Helpers */,
				0052F998297BC3410048F44F /* Question */,
				0052F999297BC3540048F44F /* Result */,
			);
			path = SwiftUI;
			sourceTree = "<group>";
		};
		005B448229844ED100A7FB5E /* BasicQuizDomain */ = {
			isa = PBXGroup;
			children = (
				005B44A12984523C00A7FB5E /* Question.swift */,
				005B449B298450C100A7FB5E /* BasicQuizBuilder.swift */,
				0096F8CA2975C5D20003F273 /* BasicScore.swift */,
			);
			path = BasicQuizDomain;
			sourceTree = "<group>";
		};
		005B448C29844ED100A7FB5E /* BasicQuizDomainTests */ = {
			isa = PBXGroup;
			children = (
				0096F8C72975C4E10003F273 /* ScoreTest.swift */,
				0006778829811B41003B2612 /* BasicQuizBuilderTest.swift */,
			);
			path = BasicQuizDomainTests;
			sourceTree = "<group>";
		};
		0081801429138A5F0068EF40 = {
			isa = PBXGroup;
			children = (
				005B448229844ED100A7FB5E /* BasicQuizDomain */,
				005B448C29844ED100A7FB5E /* BasicQuizDomainTests */,
				0081801F29138A600068EF40 /* QuizApp */,
				0081803629138A630068EF40 /* QuizAppTests */,
				00020A852988D89600FC1AE0 /* Framevorks */,
			);
			sourceTree = "<group>";
		};
		0081801F29138A600068EF40 /* QuizApp */ = {
			isa = PBXGroup;
			children = (
				00DEF554292101E100536BDE /* Main */,
				00DEF55B29210BFB00536BDE /* Presentation */,
				00DEF55E29210C8100536BDE /* Routing */,
				00DEF5552921027A00536BDE /* UI */,
			);
			path = QuizApp;
			sourceTree = "<group>";
		};
		0081803629138A630068EF40 /* QuizAppTests */ = {
			isa = PBXGroup;
			children = (
				00DEF56229210D4900536BDE /* Main */,
				00DEF56129210D3C00536BDE /* Presentation */,
				00DEF56029210D3000536BDE /* Routing */,
				0096F8C62975C4C20003F273 /* Scoring */,
				00DEF55F29210D2A00536BDE /* UI */,
			);
			path = QuizAppTests;
			sourceTree = "<group>";
		};
		0096F8C62975C4C20003F273 /* Scoring */ = {
			isa = PBXGroup;
			children = (
			);
			path = Scoring;
			sourceTree = "<group>";
		};
		00D9B0CE2979BBA60034D2D9 /* UIKit */ = {
			isa = PBXGroup;
			children = (
				00DEF56729210D9D00536BDE /* Helpers */,
				00DEF56629210D9700536BDE /* Question */,
				00DEF56529210D8A00536BDE /* Result */,
			);
			path = UIKit;
			sourceTree = "<group>";
		};
		00D9B0CF2979BBB00034D2D9 /* SwiftUI */ = {
			isa = PBXGroup;
			children = (
				00D9B0DF297A69D60034D2D9 /* MultipleAnswerQuestionSnapshotTest.swift */,
				00D9B0D02979BBDD0034D2D9 /* MultipleSelectionStoreTest.swift */,
				000CD070297A72AD00AD1FA2 /* snapshots */,
			);
			path = SwiftUI;
			sourceTree = "<group>";
		};
		00D9B0D8297A69360034D2D9 /* Helpers */ = {
			isa = PBXGroup;
			children = (
				00D9B0DB297A69360034D2D9 /* UIViewController+Snapshot.swift */,
				00D9B0D9297A69360034D2D9 /* XCTestCase+Snapshot.swift */,
			);
			path = Helpers;
			sourceTree = "<group>";
		};
		00DEF554292101E100536BDE /* Main */ = {
			isa = PBXGroup;
			children = (
				0081802E29138A630068EF40 /* Info.plist */,
				0081802029138A600068EF40 /* AppDelegate.swift */,
				00C8227D298058D800B5E695 /* DemoQuizData.swift */,
				00D9B0CC297933BE0034D2D9 /* IOSSwiftUINavigationAdapter.swift */,
				00ADE618291B79A9007883CA /* IOSUIKitViewControllerFactory.swift */,
				00C8227B2980553400B5E695 /* QuizApp.swift */,
				0081802929138A630068EF40 /* Assets.xcassets */,
				0081802B29138A630068EF40 /* LaunchScreen.storyboard */,
			);
			path = Main;
			sourceTree = "<group>";
		};
		00DEF5552921027A00536BDE /* UI */ = {
			isa = PBXGroup;
			children = (
				0054C05829787C9600ABDC4E /* SwiftUI */,
				0054C05729787C8B00ABDC4E /* UIKit */,
			);
			path = UI;
			sourceTree = "<group>";
		};
		00DEF55629210B5800536BDE /* Question */ = {
			isa = PBXGroup;
			children = (
				00C9C639291395C100F52716 /* QuestionViewController.swift */,
				00B99B0F2913A63E00D187B0 /* QuestionViewController.xib */,
			);
			path = Question;
			sourceTree = "<group>";
		};
		00DEF55729210B6300536BDE /* Result */ = {
			isa = PBXGroup;
			children = (
				00DEF55829210B7300536BDE /* Cells */,
				008075E82916EA7F0077A416 /* ResultsViewController.swift */,
				008075EA2916EB3D0077A416 /* ResultsViewController.xib */,
			);
			path = Result;
			sourceTree = "<group>";
		};
		00DEF55829210B7300536BDE /* Cells */ = {
			isa = PBXGroup;
			children = (
				0066174229172B17006D68B2 /* CorrectAnswerCell.swift */,
				0066173A29170E27006D68B2 /* CorrectAnswerCell.xib */,
				0066174429172B25006D68B2 /* WrongAnswerCell.swift */,
				0066173C29171A50006D68B2 /* WrongAnswerCell.xib */,
			);
			path = Cells;
			sourceTree = "<group>";
		};
		00DEF55929210BA300536BDE /* Helpers */ = {
			isa = PBXGroup;
			children = (
				0066173E29172A45006D68B2 /* UITableViewExtensions.swift */,
			);
			path = Helpers;
			sourceTree = "<group>";
		};
		00DEF55B29210BFB00536BDE /* Presentation */ = {
			isa = PBXGroup;
			children = (
				00DEF55C29210C4D00536BDE /* Question */,
				00DEF55D29210C5700536BDE /* Result */,
			);
			path = Presentation;
			sourceTree = "<group>";
		};
		00DEF55C29210C4D00536BDE /* Question */ = {
			isa = PBXGroup;
			children = (
				00EF5D82291D651400277C4E /* QuestionPresenter.swift */,
			);
			path = Question;
			sourceTree = "<group>";
		};
		00DEF55D29210C5700536BDE /* Result */ = {
			isa = PBXGroup;
			children = (
				0066174029172ACA006D68B2 /* PresentableAnswer.swift */,
				00EF5D7E291CFCA700277C4E /* ResultsPresenter.swift */,
			);
			path = Result;
			sourceTree = "<group>";
		};
		00DEF55E29210C8100536BDE /* Routing */ = {
			isa = PBXGroup;
			children = (
				0037C4CE2919A021004937CA /* NavigationControllerRouter.swift */,
				00F2771A291AC173009573BD /* ViewControllerFactory.swift */,
			);
			path = Routing;
			sourceTree = "<group>";
		};
		00DEF55F29210D2A00536BDE /* UI */ = {
			isa = PBXGroup;
			children = (
				00D9B0D8297A69360034D2D9 /* Helpers */,
				00D9B0CF2979BBB00034D2D9 /* SwiftUI */,
				00D9B0CE2979BBA60034D2D9 /* UIKit */,
			);
			path = UI;
			sourceTree = "<group>";
		};
		00DEF56029210D3000536BDE /* Routing */ = {
			isa = PBXGroup;
			children = (
				0037C4CC29199E9A004937CA /* NavigationControllerRouterTest.swift */,
			);
			path = Routing;
			sourceTree = "<group>";
		};
		00DEF56129210D3C00536BDE /* Presentation */ = {
			isa = PBXGroup;
			children = (
				00DEF56929210E7E00536BDE /* Question */,
				00DEF56329210D6F00536BDE /* Result */,
			);
			path = Presentation;
			sourceTree = "<group>";
		};
		00DEF56229210D4900536BDE /* Main */ = {
			isa = PBXGroup;
			children = (
				00D9B0CA2979333F0034D2D9 /* IOSSwiftUINavigationAdapterTest.swift */,
				00F2771C291AC1FC009573BD /* IOSUIKitViewControllerFactoryTest.swift */,
			);
			path = Main;
			sourceTree = "<group>";
		};
		00DEF56329210D6F00536BDE /* Result */ = {
			isa = PBXGroup;
			children = (
				00EF5D78291CF71A00277C4E /* ResultsPresenterTest.swift */,
			);
			path = Result;
			sourceTree = "<group>";
		};
		00DEF56529210D8A00536BDE /* Result */ = {
			isa = PBXGroup;
			children = (
				008075E62916E9C30077A416 /* ResultViewControllerTest.swift */,
			);
			path = Result;
			sourceTree = "<group>";
		};
		00DEF56629210D9700536BDE /* Question */ = {
			isa = PBXGroup;
			children = (
				00C9C6372913926400F52716 /* QuestionViewControllerTest.swift */,
			);
			path = Question;
			sourceTree = "<group>";
		};
		00DEF56729210D9D00536BDE /* Helpers */ = {
			isa = PBXGroup;
			children = (
				00661738291703F2006D68B2 /* TableViewHelpers.swift */,
			);
			path = Helpers;
			sourceTree = "<group>";
		};
		00DEF56929210E7E00536BDE /* Question */ = {
			isa = PBXGroup;
			children = (
				00EF5D80291D641E00277C4E /* QuestionPresenterTest.swift */,
			);
			path = Question;
			sourceTree = "<group>";
		};
/* End PBXGroup section */

/* Begin PBXHeadersBuildPhase section */
		005B447C29844ED100A7FB5E /* Headers */ = {
			isa = PBXHeadersBuildPhase;
			buildActionMask = 2147483647;
			files = (
			);
			runOnlyForDeploymentPostprocessing = 0;
		};
/* End PBXHeadersBuildPhase section */

/* Begin PBXNativeTarget section */
		005B448029844ED100A7FB5E /* BasicQuizDomain */ = {
			isa = PBXNativeTarget;
			buildConfigurationList = 005B449429844ED100A7FB5E /* Build configuration list for PBXNativeTarget "BasicQuizDomain" */;
			buildPhases = (
				005B447C29844ED100A7FB5E /* Headers */,
				005B447D29844ED100A7FB5E /* Sources */,
				005B447E29844ED100A7FB5E /* Frameworks */,
				005B447F29844ED100A7FB5E /* Resources */,
			);
			buildRules = (
			);
			dependencies = (
			);
			name = BasicQuizDomain;
			productName = BasicQuizDomain;
			productReference = 00020A822988D86600FC1AE0 /* BasicQuizDomain.framework */;
			productType = "com.apple.product-type.framework";
		};
		005B448729844ED100A7FB5E /* BasicQuizDomainTests */ = {
			isa = PBXNativeTarget;
			buildConfigurationList = 005B449529844ED100A7FB5E /* Build configuration list for PBXNativeTarget "BasicQuizDomainTests" */;
			buildPhases = (
				005B448429844ED100A7FB5E /* Sources */,
				005B448529844ED100A7FB5E /* Frameworks */,
				005B448629844ED100A7FB5E /* Resources */,
			);
			buildRules = (
			);
			dependencies = (
				005B448B29844ED100A7FB5E /* PBXTargetDependency */,
				005B44A4298457D400A7FB5E /* PBXTargetDependency */,
			);
			name = BasicQuizDomainTests;
			productName = BasicQuizDomainTests;
			productReference = 00020A832988D86600FC1AE0 /* BasicQuizDomainTests.xctest */;
			productType = "com.apple.product-type.bundle.unit-test";
		};
		0081801C29138A600068EF40 /* QuizApp */ = {
			isa = PBXNativeTarget;
			buildConfigurationList = 0081804729138A630068EF40 /* Build configuration list for PBXNativeTarget "QuizApp" */;
			buildPhases = (
				0081801929138A600068EF40 /* Sources */,
				0081801A29138A600068EF40 /* Frameworks */,
				0081801B29138A600068EF40 /* Resources */,
			);
			buildRules = (
			);
			dependencies = (
				005B449929844F7400A7FB5E /* PBXTargetDependency */,
			);
			name = QuizApp;
			productName = QuizApp;
			productReference = 00020A7E2988D82400FC1AE0 /* QuizApp.app */;
			productType = "com.apple.product-type.application";
		};
		0081803229138A630068EF40 /* QuizAppTests */ = {
			isa = PBXNativeTarget;
			buildConfigurationList = 0081804A29138A630068EF40 /* Build configuration list for PBXNativeTarget "QuizAppTests" */;
			buildPhases = (
				0081802F29138A630068EF40 /* Sources */,
				0081803029138A630068EF40 /* Frameworks */,
				0081803129138A630068EF40 /* Resources */,
			);
			buildRules = (
			);
			dependencies = (
				0081803529138A630068EF40 /* PBXTargetDependency */,
			);
			name = QuizAppTests;
			productName = QuizAppTests;
			productReference = 00020A802988D82400FC1AE0 /* QuizAppTests.xctest */;
			productType = "com.apple.product-type.bundle.unit-test";
		};
/* End PBXNativeTarget section */

/* Begin PBXProject section */
		0081801529138A5F0068EF40 /* Project object */ = {
			isa = PBXProject;
			attributes = {
				BuildIndependentTargetsInParallel = 1;
				LastSwiftUpdateCheck = 1420;
				LastUpgradeCheck = 1420;
				TargetAttributes = {
					005B448029844ED100A7FB5E = {
						CreatedOnToolsVersion = 14.2;
					};
					005B448729844ED100A7FB5E = {
						CreatedOnToolsVersion = 14.2;
					};
					0081801C29138A600068EF40 = {
						CreatedOnToolsVersion = 14.1;
					};
					0081803229138A630068EF40 = {
						CreatedOnToolsVersion = 14.1;
						LastSwiftMigration = 1410;
						TestTargetID = 0081801C29138A600068EF40;
					};
				};
			};
			buildConfigurationList = 0081801829138A5F0068EF40 /* Build configuration list for PBXProject "QuizApp" */;
			compatibilityVersion = "Xcode 14.0";
			developmentRegion = en;
			hasScannedForEncodings = 0;
			knownRegions = (
				en,
				Base,
			);
			mainGroup = 0081801429138A5F0068EF40;
			productRefGroup = 0081801429138A5F0068EF40;
			projectDirPath = "";
			projectRoot = "";
			targets = (
				0081801C29138A600068EF40 /* QuizApp */,
				0081803229138A630068EF40 /* QuizAppTests */,
				005B448029844ED100A7FB5E /* BasicQuizDomain */,
				005B448729844ED100A7FB5E /* BasicQuizDomainTests */,
			);
		};
/* End PBXProject section */

/* Begin PBXResourcesBuildPhase section */
		005B447F29844ED100A7FB5E /* Resources */ = {
			isa = PBXResourcesBuildPhase;
			buildActionMask = 2147483647;
			files = (
			);
			runOnlyForDeploymentPostprocessing = 0;
		};
		005B448629844ED100A7FB5E /* Resources */ = {
			isa = PBXResourcesBuildPhase;
			buildActionMask = 2147483647;
			files = (
			);
			runOnlyForDeploymentPostprocessing = 0;
		};
		0081801B29138A600068EF40 /* Resources */ = {
			isa = PBXResourcesBuildPhase;
			buildActionMask = 2147483647;
			files = (
				0081802D29138A630068EF40 /* LaunchScreen.storyboard in Resources */,
				0066173D29171A50006D68B2 /* WrongAnswerCell.xib in Resources */,
				0081802A29138A630068EF40 /* Assets.xcassets in Resources */,
				00B99B102913A63E00D187B0 /* QuestionViewController.xib in Resources */,
				0066173B29170E27006D68B2 /* CorrectAnswerCell.xib in Resources */,
				008075EB2916EB3D0077A416 /* ResultsViewController.xib in Resources */,
			);
			runOnlyForDeploymentPostprocessing = 0;
		};
		0081803129138A630068EF40 /* Resources */ = {
			isa = PBXResourcesBuildPhase;
			buildActionMask = 2147483647;
			files = (
				000CD072297A72AD00AD1FA2 /* two_options.png in Resources */,
			);
			runOnlyForDeploymentPostprocessing = 0;
		};
/* End PBXResourcesBuildPhase section */

/* Begin PBXSourcesBuildPhase section */
		005B447D29844ED100A7FB5E /* Sources */ = {
			isa = PBXSourcesBuildPhase;
			buildActionMask = 2147483647;
			files = (
				005B44A22984523C00A7FB5E /* Question.swift in Sources */,
				005B449F298451D600A7FB5E /* BasicScore.swift in Sources */,
				005B44A0298451DA00A7FB5E /* BasicQuizBuilder.swift in Sources */,
			);
			runOnlyForDeploymentPostprocessing = 0;
		};
		005B448429844ED100A7FB5E /* Sources */ = {
			isa = PBXSourcesBuildPhase;
			buildActionMask = 2147483647;
			files = (
				005B449E2984515C00A7FB5E /* ScoreTest.swift in Sources */,
				005B449D2984515C00A7FB5E /* BasicQuizBuilderTest.swift in Sources */,
			);
			runOnlyForDeploymentPostprocessing = 0;
		};
		0081801929138A600068EF40 /* Sources */ = {
			isa = PBXSourcesBuildPhase;
			buildActionMask = 2147483647;
			files = (
				0037C4CF2919A021004937CA /* NavigationControllerRouter.swift in Sources */,
				00F2771B291AC173009573BD /* ViewControllerFactory.swift in Sources */,
				00D9B0D32979C4700034D2D9 /* MultipleSelectionStore.swift in Sources */,
				00C9C63A291395C100F52716 /* QuestionViewController.swift in Sources */,
				0052F99B297BC56B0048F44F /* RoundedButton.swift in Sources */,
				00C8227C2980553400B5E695 /* QuizApp.swift in Sources */,
				00ADE619291B79A9007883CA /* IOSUIKitViewControllerFactory.swift in Sources */,
				00D9B0C9297926890034D2D9 /* SingleTextSelectionCell.swift in Sources */,
				0081802129138A600068EF40 /* AppDelegate.swift in Sources */,
				00D9B0D52979C7D20034D2D9 /* MultipleAnswerQuestion.swift in Sources */,
				0066174529172B25006D68B2 /* WrongAnswerCell.swift in Sources */,
				0054C05B29787D1400ABDC4E /* SingleAnswerQuestion.swift in Sources */,
				00D9B0CD297933BE0034D2D9 /* IOSSwiftUINavigationAdapter.swift in Sources */,
				0052F99D297BD7F50048F44F /* ResultView.swift in Sources */,
				008075E92916EA7F0077A416 /* ResultsViewController.swift in Sources */,
				0066174129172ACA006D68B2 /* PresentableAnswer.swift in Sources */,
				00C8227E298058D800B5E695 /* DemoQuizData.swift in Sources */,
				00EF5D83291D651400277C4E /* QuestionPresenter.swift in Sources */,
				00D9B0C7297924590034D2D9 /* HeaderView.swift in Sources */,
				0066174329172B17006D68B2 /* CorrectAnswerCell.swift in Sources */,
				00D9B0D72979C8A40034D2D9 /* MultipleTextSelectionCell.swift in Sources */,
				00C8227A297FFC7800B5E695 /* QuizNavigationView.swift in Sources */,
				0066173F29172A45006D68B2 /* UITableViewExtensions.swift in Sources */,
				0052F99F297BEB7C0048F44F /* ResultAnswerCell.swift in Sources */,
				00EF5D7F291CFCA700277C4E /* ResultsPresenter.swift in Sources */,
			);
			runOnlyForDeploymentPostprocessing = 0;
		};
		0081802F29138A630068EF40 /* Sources */ = {
			isa = PBXSourcesBuildPhase;
			buildActionMask = 2147483647;
			files = (
				00EF5D79291CF71A00277C4E /* ResultsPresenterTest.swift in Sources */,
				0037C4CD29199E9A004937CA /* NavigationControllerRouterTest.swift in Sources */,
				00D9B0D12979BBDD0034D2D9 /* MultipleSelectionStoreTest.swift in Sources */,
				00D9B0CB2979333F0034D2D9 /* IOSSwiftUINavigationAdapterTest.swift in Sources */,
				00C9C6382913926400F52716 /* QuestionViewControllerTest.swift in Sources */,
				000CD069297A6CF900AD1FA2 /* XCTestCase+Snapshot.swift in Sources */,
				00EF5D81291D641E00277C4E /* QuestionPresenterTest.swift in Sources */,
				00661739291703F2006D68B2 /* TableViewHelpers.swift in Sources */,
				008075E72916E9C30077A416 /* ResultViewControllerTest.swift in Sources */,
				00D9B0E0297A69D60034D2D9 /* MultipleAnswerQuestionSnapshotTest.swift in Sources */,
				00F2771D291AC1FC009573BD /* IOSUIKitViewControllerFactoryTest.swift in Sources */,
				000CD06E297A6E1000AD1FA2 /* UIViewController+Snapshot.swift in Sources */,
			);
			runOnlyForDeploymentPostprocessing = 0;
		};
/* End PBXSourcesBuildPhase section */

/* Begin PBXTargetDependency section */
		005B448B29844ED100A7FB5E /* PBXTargetDependency */ = {
			isa = PBXTargetDependency;
			target = 005B448029844ED100A7FB5E /* BasicQuizDomain */;
			targetProxy = 005B448A29844ED100A7FB5E /* PBXContainerItemProxy */;
		};
		005B449929844F7400A7FB5E /* PBXTargetDependency */ = {
			isa = PBXTargetDependency;
			target = 005B448029844ED100A7FB5E /* BasicQuizDomain */;
			targetProxy = 005B449829844F7400A7FB5E /* PBXContainerItemProxy */;
		};
		005B44A4298457D400A7FB5E /* PBXTargetDependency */ = {
			isa = PBXTargetDependency;
			target = 0081801C29138A600068EF40 /* QuizApp */;
			targetProxy = 005B44A3298457D400A7FB5E /* PBXContainerItemProxy */;
		};
		0081803529138A630068EF40 /* PBXTargetDependency */ = {
			isa = PBXTargetDependency;
			platformFilter = ios;
			target = 0081801C29138A600068EF40 /* QuizApp */;
			targetProxy = 0081803429138A630068EF40 /* PBXContainerItemProxy */;
		};
/* End PBXTargetDependency section */

/* Begin PBXVariantGroup section */
		0081802B29138A630068EF40 /* LaunchScreen.storyboard */ = {
			isa = PBXVariantGroup;
			children = (
				0081802C29138A630068EF40 /* Base */,
			);
			name = LaunchScreen.storyboard;
			sourceTree = "<group>";
		};
/* End PBXVariantGroup section */

/* Begin XCBuildConfiguration section */
		005B449029844ED100A7FB5E /* Debug */ = {
			isa = XCBuildConfiguration;
			buildSettings = {
				CODE_SIGN_STYLE = Automatic;
				COMBINE_HIDPI_IMAGES = YES;
				CURRENT_PROJECT_VERSION = 1;
				DEAD_CODE_STRIPPING = YES;
				DEFINES_MODULE = YES;
				DYLIB_COMPATIBILITY_VERSION = 1;
				DYLIB_CURRENT_VERSION = 1;
				DYLIB_INSTALL_NAME_BASE = "@rpath";
				GENERATE_INFOPLIST_FILE = YES;
				INFOPLIST_KEY_NSHumanReadableCopyright = "";
				INSTALL_PATH = "$(LOCAL_LIBRARY_DIR)/Frameworks";
				LD_RUNPATH_SEARCH_PATHS = (
					"$(inherited)",
					"@executable_path/../Frameworks",
					"@loader_path/Frameworks",
				);
				MACH_O_TYPE = staticlib;
				MACOSX_DEPLOYMENT_TARGET = 11.0;
				MARKETING_VERSION = 1.0;
				PRODUCT_BUNDLE_IDENTIFIER = com.BasicQuizDomain;
				PRODUCT_NAME = "$(TARGET_NAME:c99extidentifier)";
				SDKROOT = macosx;
				SKIP_INSTALL = YES;
				SUPPORTED_PLATFORMS = "iphoneos iphonesimulator macosx";
				SUPPORTS_MACCATALYST = NO;
				SUPPORTS_MAC_DESIGNED_FOR_IPHONE_IPAD = NO;
				SWIFT_EMIT_LOC_STRINGS = YES;
				SWIFT_VERSION = 5.0;
				TARGETED_DEVICE_FAMILY = 1;
				VERSIONING_SYSTEM = "apple-generic";
				VERSION_INFO_PREFIX = "";
			};
			name = Debug;
		};
		005B449129844ED100A7FB5E /* Release */ = {
			isa = XCBuildConfiguration;
			buildSettings = {
				CODE_SIGN_STYLE = Automatic;
				COMBINE_HIDPI_IMAGES = YES;
				CURRENT_PROJECT_VERSION = 1;
				DEAD_CODE_STRIPPING = YES;
				DEFINES_MODULE = YES;
				DYLIB_COMPATIBILITY_VERSION = 1;
				DYLIB_CURRENT_VERSION = 1;
				DYLIB_INSTALL_NAME_BASE = "@rpath";
				GENERATE_INFOPLIST_FILE = YES;
				INFOPLIST_KEY_NSHumanReadableCopyright = "";
				INSTALL_PATH = "$(LOCAL_LIBRARY_DIR)/Frameworks";
				LD_RUNPATH_SEARCH_PATHS = (
					"$(inherited)",
					"@executable_path/../Frameworks",
					"@loader_path/Frameworks",
				);
				MACH_O_TYPE = staticlib;
				MACOSX_DEPLOYMENT_TARGET = 11.0;
				MARKETING_VERSION = 1.0;
				PRODUCT_BUNDLE_IDENTIFIER = com.BasicQuizDomain;
				PRODUCT_NAME = "$(TARGET_NAME:c99extidentifier)";
				SDKROOT = macosx;
				SKIP_INSTALL = YES;
				SUPPORTED_PLATFORMS = "iphoneos iphonesimulator macosx";
				SUPPORTS_MACCATALYST = NO;
				SUPPORTS_MAC_DESIGNED_FOR_IPHONE_IPAD = NO;
				SWIFT_EMIT_LOC_STRINGS = YES;
				SWIFT_VERSION = 5.0;
				TARGETED_DEVICE_FAMILY = 1;
				VERSIONING_SYSTEM = "apple-generic";
				VERSION_INFO_PREFIX = "";
			};
			name = Release;
		};
		005B449229844ED100A7FB5E /* Debug */ = {
			isa = XCBuildConfiguration;
			buildSettings = {
				ALWAYS_EMBED_SWIFT_STANDARD_LIBRARIES = YES;
				CODE_SIGN_STYLE = Automatic;
				CURRENT_PROJECT_VERSION = 1;
				DEAD_CODE_STRIPPING = YES;
				GENERATE_INFOPLIST_FILE = YES;
				MACOSX_DEPLOYMENT_TARGET = 11.0;
				MARKETING_VERSION = 1.0;
				PRODUCT_BUNDLE_IDENTIFIER = com.BasicQuizDomainTests;
				PRODUCT_NAME = "$(TARGET_NAME)";
				SDKROOT = macosx;
				SUPPORTED_PLATFORMS = "iphoneos iphonesimulator macosx";
				SUPPORTS_MACCATALYST = NO;
				SUPPORTS_MAC_DESIGNED_FOR_IPHONE_IPAD = NO;
				SWIFT_EMIT_LOC_STRINGS = NO;
				SWIFT_VERSION = 5.0;
				TARGETED_DEVICE_FAMILY = 1;
			};
			name = Debug;
		};
		005B449329844ED100A7FB5E /* Release */ = {
			isa = XCBuildConfiguration;
			buildSettings = {
				ALWAYS_EMBED_SWIFT_STANDARD_LIBRARIES = YES;
				CODE_SIGN_STYLE = Automatic;
				CURRENT_PROJECT_VERSION = 1;
				DEAD_CODE_STRIPPING = YES;
				GENERATE_INFOPLIST_FILE = YES;
				MACOSX_DEPLOYMENT_TARGET = 11.0;
				MARKETING_VERSION = 1.0;
				PRODUCT_BUNDLE_IDENTIFIER = com.BasicQuizDomainTests;
				PRODUCT_NAME = "$(TARGET_NAME)";
				SDKROOT = macosx;
				SUPPORTED_PLATFORMS = "iphoneos iphonesimulator macosx";
				SUPPORTS_MACCATALYST = NO;
				SUPPORTS_MAC_DESIGNED_FOR_IPHONE_IPAD = NO;
				SWIFT_EMIT_LOC_STRINGS = NO;
				SWIFT_VERSION = 5.0;
				TARGETED_DEVICE_FAMILY = 1;
			};
			name = Release;
		};
		0081804529138A630068EF40 /* Debug */ = {
			isa = XCBuildConfiguration;
			buildSettings = {
				ALWAYS_SEARCH_USER_PATHS = NO;
				CLANG_ANALYZER_NONNULL = YES;
				CLANG_ANALYZER_NUMBER_OBJECT_CONVERSION = YES_AGGRESSIVE;
				CLANG_CXX_LANGUAGE_STANDARD = "gnu++20";
				CLANG_ENABLE_MODULES = YES;
				CLANG_ENABLE_OBJC_ARC = YES;
				CLANG_ENABLE_OBJC_WEAK = YES;
				CLANG_WARN_BLOCK_CAPTURE_AUTORELEASING = YES;
				CLANG_WARN_BOOL_CONVERSION = YES;
				CLANG_WARN_COMMA = YES;
				CLANG_WARN_CONSTANT_CONVERSION = YES;
				CLANG_WARN_DEPRECATED_OBJC_IMPLEMENTATIONS = YES;
				CLANG_WARN_DIRECT_OBJC_ISA_USAGE = YES_ERROR;
				CLANG_WARN_DOCUMENTATION_COMMENTS = YES;
				CLANG_WARN_EMPTY_BODY = YES;
				CLANG_WARN_ENUM_CONVERSION = YES;
				CLANG_WARN_INFINITE_RECURSION = YES;
				CLANG_WARN_INT_CONVERSION = YES;
				CLANG_WARN_NON_LITERAL_NULL_CONVERSION = YES;
				CLANG_WARN_OBJC_IMPLICIT_RETAIN_SELF = YES;
				CLANG_WARN_OBJC_LITERAL_CONVERSION = YES;
				CLANG_WARN_OBJC_ROOT_CLASS = YES_ERROR;
				CLANG_WARN_QUOTED_INCLUDE_IN_FRAMEWORK_HEADER = YES;
				CLANG_WARN_RANGE_LOOP_ANALYSIS = YES;
				CLANG_WARN_STRICT_PROTOTYPES = YES;
				CLANG_WARN_SUSPICIOUS_MOVE = YES;
				CLANG_WARN_UNGUARDED_AVAILABILITY = YES_AGGRESSIVE;
				CLANG_WARN_UNREACHABLE_CODE = YES;
				CLANG_WARN__DUPLICATE_METHOD_MATCH = YES;
				COPY_PHASE_STRIP = NO;
				DEBUG_INFORMATION_FORMAT = dwarf;
				ENABLE_STRICT_OBJC_MSGSEND = YES;
				ENABLE_TESTABILITY = YES;
				GCC_C_LANGUAGE_STANDARD = gnu11;
				GCC_DYNAMIC_NO_PIC = NO;
				GCC_NO_COMMON_BLOCKS = YES;
				GCC_OPTIMIZATION_LEVEL = 0;
				GCC_PREPROCESSOR_DEFINITIONS = (
					"DEBUG=1",
					"$(inherited)",
				);
				GCC_WARN_64_TO_32_BIT_CONVERSION = YES;
				GCC_WARN_ABOUT_RETURN_TYPE = YES_ERROR;
				GCC_WARN_UNDECLARED_SELECTOR = YES;
				GCC_WARN_UNINITIALIZED_AUTOS = YES_AGGRESSIVE;
				GCC_WARN_UNUSED_FUNCTION = YES;
				GCC_WARN_UNUSED_VARIABLE = YES;
				IPHONEOS_DEPLOYMENT_TARGET = 14.0;
				MACOSX_DEPLOYMENT_TARGET = 11.0;
				MTL_ENABLE_DEBUG_INFO = INCLUDE_SOURCE;
				MTL_FAST_MATH = YES;
				ONLY_ACTIVE_ARCH = YES;
				SDKROOT = iphoneos;
				SWIFT_ACTIVE_COMPILATION_CONDITIONS = DEBUG;
				SWIFT_OPTIMIZATION_LEVEL = "-Onone";
			};
			name = Debug;
		};
		0081804629138A630068EF40 /* Release */ = {
			isa = XCBuildConfiguration;
			buildSettings = {
				ALWAYS_SEARCH_USER_PATHS = NO;
				CLANG_ANALYZER_NONNULL = YES;
				CLANG_ANALYZER_NUMBER_OBJECT_CONVERSION = YES_AGGRESSIVE;
				CLANG_CXX_LANGUAGE_STANDARD = "gnu++20";
				CLANG_ENABLE_MODULES = YES;
				CLANG_ENABLE_OBJC_ARC = YES;
				CLANG_ENABLE_OBJC_WEAK = YES;
				CLANG_WARN_BLOCK_CAPTURE_AUTORELEASING = YES;
				CLANG_WARN_BOOL_CONVERSION = YES;
				CLANG_WARN_COMMA = YES;
				CLANG_WARN_CONSTANT_CONVERSION = YES;
				CLANG_WARN_DEPRECATED_OBJC_IMPLEMENTATIONS = YES;
				CLANG_WARN_DIRECT_OBJC_ISA_USAGE = YES_ERROR;
				CLANG_WARN_DOCUMENTATION_COMMENTS = YES;
				CLANG_WARN_EMPTY_BODY = YES;
				CLANG_WARN_ENUM_CONVERSION = YES;
				CLANG_WARN_INFINITE_RECURSION = YES;
				CLANG_WARN_INT_CONVERSION = YES;
				CLANG_WARN_NON_LITERAL_NULL_CONVERSION = YES;
				CLANG_WARN_OBJC_IMPLICIT_RETAIN_SELF = YES;
				CLANG_WARN_OBJC_LITERAL_CONVERSION = YES;
				CLANG_WARN_OBJC_ROOT_CLASS = YES_ERROR;
				CLANG_WARN_QUOTED_INCLUDE_IN_FRAMEWORK_HEADER = YES;
				CLANG_WARN_RANGE_LOOP_ANALYSIS = YES;
				CLANG_WARN_STRICT_PROTOTYPES = YES;
				CLANG_WARN_SUSPICIOUS_MOVE = YES;
				CLANG_WARN_UNGUARDED_AVAILABILITY = YES_AGGRESSIVE;
				CLANG_WARN_UNREACHABLE_CODE = YES;
				CLANG_WARN__DUPLICATE_METHOD_MATCH = YES;
				COPY_PHASE_STRIP = NO;
				DEBUG_INFORMATION_FORMAT = "dwarf-with-dsym";
				ENABLE_NS_ASSERTIONS = NO;
				ENABLE_STRICT_OBJC_MSGSEND = YES;
				GCC_C_LANGUAGE_STANDARD = gnu11;
				GCC_NO_COMMON_BLOCKS = YES;
				GCC_WARN_64_TO_32_BIT_CONVERSION = YES;
				GCC_WARN_ABOUT_RETURN_TYPE = YES_ERROR;
				GCC_WARN_UNDECLARED_SELECTOR = YES;
				GCC_WARN_UNINITIALIZED_AUTOS = YES_AGGRESSIVE;
				GCC_WARN_UNUSED_FUNCTION = YES;
				GCC_WARN_UNUSED_VARIABLE = YES;
				IPHONEOS_DEPLOYMENT_TARGET = 14.0;
				MACOSX_DEPLOYMENT_TARGET = 11.0;
				MTL_ENABLE_DEBUG_INFO = NO;
				MTL_FAST_MATH = YES;
				SDKROOT = iphoneos;
				SWIFT_COMPILATION_MODE = wholemodule;
				SWIFT_OPTIMIZATION_LEVEL = "-O";
				VALIDATE_PRODUCT = YES;
			};
			name = Release;
		};
		0081804829138A630068EF40 /* Debug */ = {
			isa = XCBuildConfiguration;
			buildSettings = {
				ASSETCATALOG_COMPILER_APPICON_NAME = AppIcon;
				ASSETCATALOG_COMPILER_GLOBAL_ACCENT_COLOR_NAME = AccentColor;
				CODE_SIGN_IDENTITY = "Apple Development";
				CODE_SIGN_STYLE = Automatic;
				CURRENT_PROJECT_VERSION = 1;
				DEVELOPMENT_TEAM = "";
				GENERATE_INFOPLIST_FILE = YES;
				INFOPLIST_FILE = QuizApp/Main/Info.plist;
				INFOPLIST_KEY_UIApplicationSupportsIndirectInputEvents = YES;
				INFOPLIST_KEY_UILaunchStoryboardName = LaunchScreen.storyboar;
				INFOPLIST_KEY_UIMainStoryboardFile = "";
				INFOPLIST_KEY_UISupportedInterfaceOrientations = UIInterfaceOrientationPortrait;
				INFOPLIST_KEY_UISupportedInterfaceOrientations_iPad = "UIInterfaceOrientationLandscapeLeft UIInterfaceOrientationLandscapeRight UIInterfaceOrientationPortrait UIInterfaceOrientationPortraitUpsideDown";
				IPHONEOS_DEPLOYMENT_TARGET = 14.0;
				LD_RUNPATH_SEARCH_PATHS = (
					"$(inherited)",
					"@executable_path/Frameworks",
				);
				MARKETING_VERSION = 1.0;
				PRODUCT_BUNDLE_IDENTIFIER = com.c6k3b;
				PRODUCT_NAME = "$(TARGET_NAME)";
				PROVISIONING_PROFILE_SPECIFIER = "";
				SUPPORTED_PLATFORMS = "iphoneos iphonesimulator";
				SUPPORTS_MACCATALYST = NO;
				SUPPORTS_MAC_DESIGNED_FOR_IPHONE_IPAD = NO;
				SWIFT_EMIT_LOC_STRINGS = YES;
				SWIFT_VERSION = 5.0;
				TARGETED_DEVICE_FAMILY = 1;
			};
			name = Debug;
		};
		0081804929138A630068EF40 /* Release */ = {
			isa = XCBuildConfiguration;
			buildSettings = {
				ASSETCATALOG_COMPILER_APPICON_NAME = AppIcon;
				ASSETCATALOG_COMPILER_GLOBAL_ACCENT_COLOR_NAME = AccentColor;
				CODE_SIGN_IDENTITY = "Apple Development";
				CODE_SIGN_STYLE = Automatic;
				CURRENT_PROJECT_VERSION = 1;
				DEVELOPMENT_TEAM = "";
				GENERATE_INFOPLIST_FILE = YES;
				INFOPLIST_FILE = QuizApp/Main/Info.plist;
				INFOPLIST_KEY_UIApplicationSupportsIndirectInputEvents = YES;
				INFOPLIST_KEY_UILaunchStoryboardName = LaunchScreen.storyboar;
				INFOPLIST_KEY_UIMainStoryboardFile = "";
				INFOPLIST_KEY_UISupportedInterfaceOrientations = UIInterfaceOrientationPortrait;
				INFOPLIST_KEY_UISupportedInterfaceOrientations_iPad = "UIInterfaceOrientationLandscapeLeft UIInterfaceOrientationLandscapeRight UIInterfaceOrientationPortrait UIInterfaceOrientationPortraitUpsideDown";
				IPHONEOS_DEPLOYMENT_TARGET = 14.0;
				LD_RUNPATH_SEARCH_PATHS = (
					"$(inherited)",
					"@executable_path/Frameworks",
				);
				MARKETING_VERSION = 1.0;
				PRODUCT_BUNDLE_IDENTIFIER = com.c6k3b;
				PRODUCT_NAME = "$(TARGET_NAME)";
				PROVISIONING_PROFILE_SPECIFIER = "";
				SUPPORTED_PLATFORMS = "iphoneos iphonesimulator";
				SUPPORTS_MACCATALYST = NO;
				SUPPORTS_MAC_DESIGNED_FOR_IPHONE_IPAD = NO;
				SWIFT_EMIT_LOC_STRINGS = YES;
				SWIFT_VERSION = 5.0;
				TARGETED_DEVICE_FAMILY = 1;
			};
			name = Release;
		};
		0081804B29138A630068EF40 /* Debug */ = {
			isa = XCBuildConfiguration;
			buildSettings = {
				ALWAYS_EMBED_SWIFT_STANDARD_LIBRARIES = YES;
				BUNDLE_LOADER = "$(TEST_HOST)";
				CLANG_ENABLE_MODULES = YES;
				CODE_SIGN_IDENTITY = "Apple Development";
				CODE_SIGN_STYLE = Automatic;
				CURRENT_PROJECT_VERSION = 1;
				DEVELOPMENT_TEAM = "";
				GENERATE_INFOPLIST_FILE = YES;
				IPHONEOS_DEPLOYMENT_TARGET = 14.0;
				LD_RUNPATH_SEARCH_PATHS = (
					"$(inherited)",
					"@executable_path/Frameworks",
					"@loader_path/Frameworks",
				);
				MARKETING_VERSION = 1.0;
				PRODUCT_BUNDLE_IDENTIFIER = com.c6k3b;
				PRODUCT_NAME = "$(TARGET_NAME)";
				PROVISIONING_PROFILE_SPECIFIER = "";
				SUPPORTED_PLATFORMS = "iphoneos iphonesimulator";
				SUPPORTS_MACCATALYST = NO;
				SUPPORTS_MAC_DESIGNED_FOR_IPHONE_IPAD = NO;
				SWIFT_EMIT_LOC_STRINGS = NO;
				SWIFT_OPTIMIZATION_LEVEL = "-Onone";
				SWIFT_VERSION = 5.0;
				TARGETED_DEVICE_FAMILY = 1;
				TEST_HOST = "$(BUILT_PRODUCTS_DIR)/QuizApp.app/$(BUNDLE_EXECUTABLE_FOLDER_PATH)/QuizApp";
			};
			name = Debug;
		};
		0081804C29138A630068EF40 /* Release */ = {
			isa = XCBuildConfiguration;
			buildSettings = {
				ALWAYS_EMBED_SWIFT_STANDARD_LIBRARIES = YES;
				BUNDLE_LOADER = "$(TEST_HOST)";
				CLANG_ENABLE_MODULES = YES;
				CODE_SIGN_IDENTITY = "Apple Development";
				CODE_SIGN_STYLE = Automatic;
				CURRENT_PROJECT_VERSION = 1;
				DEVELOPMENT_TEAM = "";
				GENERATE_INFOPLIST_FILE = YES;
				IPHONEOS_DEPLOYMENT_TARGET = 14.0;
				LD_RUNPATH_SEARCH_PATHS = (
					"$(inherited)",
					"@executable_path/Frameworks",
					"@loader_path/Frameworks",
				);
				MARKETING_VERSION = 1.0;
				PRODUCT_BUNDLE_IDENTIFIER = com.c6k3b;
				PRODUCT_NAME = "$(TARGET_NAME)";
				PROVISIONING_PROFILE_SPECIFIER = "";
				SUPPORTED_PLATFORMS = "iphoneos iphonesimulator";
				SUPPORTS_MACCATALYST = NO;
				SUPPORTS_MAC_DESIGNED_FOR_IPHONE_IPAD = NO;
				SWIFT_EMIT_LOC_STRINGS = NO;
				SWIFT_VERSION = 5.0;
				TARGETED_DEVICE_FAMILY = 1;
				TEST_HOST = "$(BUILT_PRODUCTS_DIR)/QuizApp.app/$(BUNDLE_EXECUTABLE_FOLDER_PATH)/QuizApp";
			};
			name = Release;
		};
/* End XCBuildConfiguration section */

/* Begin XCConfigurationList section */
		005B449429844ED100A7FB5E /* Build configuration list for PBXNativeTarget "BasicQuizDomain" */ = {
			isa = XCConfigurationList;
			buildConfigurations = (
				005B449029844ED100A7FB5E /* Debug */,
				005B449129844ED100A7FB5E /* Release */,
			);
			defaultConfigurationIsVisible = 0;
			defaultConfigurationName = Release;
		};
		005B449529844ED100A7FB5E /* Build configuration list for PBXNativeTarget "BasicQuizDomainTests" */ = {
			isa = XCConfigurationList;
			buildConfigurations = (
				005B449229844ED100A7FB5E /* Debug */,
				005B449329844ED100A7FB5E /* Release */,
			);
			defaultConfigurationIsVisible = 0;
			defaultConfigurationName = Release;
		};
		0081801829138A5F0068EF40 /* Build configuration list for PBXProject "QuizApp" */ = {
			isa = XCConfigurationList;
			buildConfigurations = (
				0081804529138A630068EF40 /* Debug */,
				0081804629138A630068EF40 /* Release */,
			);
			defaultConfigurationIsVisible = 0;
			defaultConfigurationName = Release;
		};
		0081804729138A630068EF40 /* Build configuration list for PBXNativeTarget "QuizApp" */ = {
			isa = XCConfigurationList;
			buildConfigurations = (
				0081804829138A630068EF40 /* Debug */,
				0081804929138A630068EF40 /* Release */,
			);
			defaultConfigurationIsVisible = 0;
			defaultConfigurationName = Release;
		};
		0081804A29138A630068EF40 /* Build configuration list for PBXNativeTarget "QuizAppTests" */ = {
			isa = XCConfigurationList;
			buildConfigurations = (
				0081804B29138A630068EF40 /* Debug */,
				0081804C29138A630068EF40 /* Release */,
			);
			defaultConfigurationIsVisible = 0;
			defaultConfigurationName = Release;
		};
/* End XCConfigurationList section */
	};
	rootObject = 0081801529138A5F0068EF40 /* Project object */;
}
