// !$*UTF8*$!
{
	archiveVersion = 1;
	classes = {
	};
	objectVersion = 56;
	objects = {

/* Begin PBXBuildFile section */
		0018907C291ED096005ED73D /* Question.swift in Sources */ = {isa = PBXBuildFile; fileRef = 0018907B291ED096005ED73D /* Question.swift */; };
		0018907E291ED222005ED73D /* Question.swift in Sources */ = {isa = PBXBuildFile; fileRef = 0018907B291ED096005ED73D /* Question.swift */; };
		002BF9BC29198F8A00F62490 /* QuizEngine.framework in Frameworks */ = {isa = PBXBuildFile; fileRef = 002BF9B429198F8A00F62490 /* QuizEngine.framework */; };
		002BF9CC2919925D00F62490 /* Game.swift in Sources */ = {isa = PBXBuildFile; fileRef = 001425C329183766000CD481 /* Game.swift */; };
		002BF9CD2919925D00F62490 /* Result.swift in Sources */ = {isa = PBXBuildFile; fileRef = 001425BD29183387000CD481 /* Result.swift */; };
		002BF9CE2919925D00F62490 /* Router.swift in Sources */ = {isa = PBXBuildFile; fileRef = 001425BF29183390000CD481 /* Router.swift */; };
		002BF9CF2919925D00F62490 /* Flow.swift in Sources */ = {isa = PBXBuildFile; fileRef = 00D104752912B51100425F1A /* Flow.swift */; };
		0037C4C529199D80004937CA /* Flow.swift in Sources */ = {isa = PBXBuildFile; fileRef = 00D104752912B51100425F1A /* Flow.swift */; };
		0037C4C629199D80004937CA /* Result.swift in Sources */ = {isa = PBXBuildFile; fileRef = 001425BD29183387000CD481 /* Result.swift */; };
		0037C4C729199D80004937CA /* Game.swift in Sources */ = {isa = PBXBuildFile; fileRef = 001425C329183766000CD481 /* Game.swift */; };
		0037C4C829199D80004937CA /* Router.swift in Sources */ = {isa = PBXBuildFile; fileRef = 001425BF29183390000CD481 /* Router.swift */; };
		0037C4C929199DC9004937CA /* DeprecatedGameTest.swift in Sources */ = {isa = PBXBuildFile; fileRef = 001425C12918342C000CD481 /* DeprecatedGameTest.swift */; };
		0037C4CA29199DC9004937CA /* RouterSpy.swift in Sources */ = {isa = PBXBuildFile; fileRef = 001425C5291838CD000CD481 /* RouterSpy.swift */; };
		0037C4CB29199DC9004937CA /* FlowTest.swift in Sources */ = {isa = PBXBuildFile; fileRef = 00D104732912B34A00425F1A /* FlowTest.swift */; };
		0048E69D292EA527004008F0 /* FlowTest.swift in Sources */ = {isa = PBXBuildFile; fileRef = 00D104732912B34A00425F1A /* FlowTest.swift */; };
		0048E69E292EA52E004008F0 /* DeprecatedGameTest.swift in Sources */ = {isa = PBXBuildFile; fileRef = 001425C12918342C000CD481 /* DeprecatedGameTest.swift */; };
		0048E69F292EA531004008F0 /* RouterSpy.swift in Sources */ = {isa = PBXBuildFile; fileRef = 001425C5291838CD000CD481 /* RouterSpy.swift */; };
		00D104642912B25F00425F1A /* QuizEngine.framework in Frameworks */ = {isa = PBXBuildFile; fileRef = 00D104592912B25F00425F1A /* QuizEngine.framework */; };
/* End PBXBuildFile section */

/* Begin PBXContainerItemProxy section */
		002BF9BD29198F8A00F62490 /* PBXContainerItemProxy */ = {
			isa = PBXContainerItemProxy;
			containerPortal = 00D104502912B25F00425F1A /* Project object */;
			proxyType = 1;
			remoteGlobalIDString = 002BF9B329198F8A00F62490;
			remoteInfo = QuizEngine_iOS;
		};
		00D104652912B25F00425F1A /* PBXContainerItemProxy */ = {
			isa = PBXContainerItemProxy;
			containerPortal = 00D104502912B25F00425F1A /* Project object */;
			proxyType = 1;
			remoteGlobalIDString = 00D104582912B25F00425F1A;
			remoteInfo = QuizEngine;
		};
/* End PBXContainerItemProxy section */

/* Begin PBXFileReference section */
		001425BD29183387000CD481 /* Result.swift */ = {isa = PBXFileReference; lastKnownFileType = sourcecode.swift; path = Result.swift; sourceTree = "<group>"; };
		001425BF29183390000CD481 /* Router.swift */ = {isa = PBXFileReference; lastKnownFileType = sourcecode.swift; path = Router.swift; sourceTree = "<group>"; };
		001425C12918342C000CD481 /* DeprecatedGameTest.swift */ = {isa = PBXFileReference; lastKnownFileType = sourcecode.swift; path = DeprecatedGameTest.swift; sourceTree = "<group>"; };
		001425C329183766000CD481 /* Game.swift */ = {isa = PBXFileReference; lastKnownFileType = sourcecode.swift; path = Game.swift; sourceTree = "<group>"; };
		001425C5291838CD000CD481 /* RouterSpy.swift */ = {isa = PBXFileReference; lastKnownFileType = sourcecode.swift; path = RouterSpy.swift; sourceTree = "<group>"; };
		0018907B291ED096005ED73D /* Question.swift */ = {isa = PBXFileReference; fileEncoding = 4; lastKnownFileType = sourcecode.swift; path = Question.swift; sourceTree = "<group>"; };
		002BF9B429198F8A00F62490 /* QuizEngine.framework */ = {isa = PBXFileReference; explicitFileType = wrapper.framework; includeInIndex = 0; path = QuizEngine.framework; sourceTree = BUILT_PRODUCTS_DIR; };
		002BF9BB29198F8A00F62490 /* QuizEngine_iOSTests.xctest */ = {isa = PBXFileReference; explicitFileType = wrapper.cfbundle; includeInIndex = 0; path = QuizEngine_iOSTests.xctest; sourceTree = BUILT_PRODUCTS_DIR; };
		00D104592912B25F00425F1A /* QuizEngine.framework */ = {isa = PBXFileReference; explicitFileType = wrapper.framework; includeInIndex = 0; path = QuizEngine.framework; sourceTree = BUILT_PRODUCTS_DIR; };
		00D104632912B25F00425F1A /* QuizEngineTests.xctest */ = {isa = PBXFileReference; explicitFileType = wrapper.cfbundle; includeInIndex = 0; path = QuizEngineTests.xctest; sourceTree = BUILT_PRODUCTS_DIR; };
		00D104732912B34A00425F1A /* FlowTest.swift */ = {isa = PBXFileReference; lastKnownFileType = sourcecode.swift; path = FlowTest.swift; sourceTree = "<group>"; };
		00D104752912B51100425F1A /* Flow.swift */ = {isa = PBXFileReference; lastKnownFileType = sourcecode.swift; path = Flow.swift; sourceTree = "<group>"; };
/* End PBXFileReference section */

/* Begin PBXFrameworksBuildPhase section */
		002BF9B129198F8A00F62490 /* Frameworks */ = {
			isa = PBXFrameworksBuildPhase;
			buildActionMask = 2147483647;
			files = (
			);
			runOnlyForDeploymentPostprocessing = 0;
		};
		002BF9B829198F8A00F62490 /* Frameworks */ = {
			isa = PBXFrameworksBuildPhase;
			buildActionMask = 2147483647;
			files = (
				002BF9BC29198F8A00F62490 /* QuizEngine.framework in Frameworks */,
			);
			runOnlyForDeploymentPostprocessing = 0;
		};
		00D104562912B25F00425F1A /* Frameworks */ = {
			isa = PBXFrameworksBuildPhase;
			buildActionMask = 2147483647;
			files = (
			);
			runOnlyForDeploymentPostprocessing = 0;
		};
		00D104602912B25F00425F1A /* Frameworks */ = {
			isa = PBXFrameworksBuildPhase;
			buildActionMask = 2147483647;
			files = (
				00D104642912B25F00425F1A /* QuizEngine.framework in Frameworks */,
			);
			runOnlyForDeploymentPostprocessing = 0;
		};
/* End PBXFrameworksBuildPhase section */

/* Begin PBXGroup section */
		00D1044F2912B25F00425F1A = {
			isa = PBXGroup;
			children = (
				00D1045B2912B25F00425F1A /* QuizEngine */,
				00D104672912B25F00425F1A /* QuizEngineTests */,
				00D1045A2912B25F00425F1A /* Products */,
			);
			sourceTree = "<group>";
		};
		00D1045A2912B25F00425F1A /* Products */ = {
			isa = PBXGroup;
			children = (
				00D104592912B25F00425F1A /* QuizEngine.framework */,
				00D104632912B25F00425F1A /* QuizEngineTests.xctest */,
				002BF9B429198F8A00F62490 /* QuizEngine.framework */,
				002BF9BB29198F8A00F62490 /* QuizEngine_iOSTests.xctest */,
			);
			name = Products;
			sourceTree = "<group>";
		};
		00D1045B2912B25F00425F1A /* QuizEngine */ = {
			isa = PBXGroup;
			children = (
				00D104752912B51100425F1A /* Flow.swift */,
				001425C329183766000CD481 /* Game.swift */,
				0018907B291ED096005ED73D /* Question.swift */,
				001425BD29183387000CD481 /* Result.swift */,
				001425BF29183390000CD481 /* Router.swift */,
			);
			path = QuizEngine;
			sourceTree = "<group>";
		};
		00D104672912B25F00425F1A /* QuizEngineTests */ = {
			isa = PBXGroup;
			children = (
				00D104732912B34A00425F1A /* FlowTest.swift */,
				001425C12918342C000CD481 /* DeprecatedGameTest.swift */,
				001425C5291838CD000CD481 /* RouterSpy.swift */,
			);
			path = QuizEngineTests;
			sourceTree = "<group>";
		};
/* End PBXGroup section */

/* Begin PBXHeadersBuildPhase section */
		002BF9AF29198F8A00F62490 /* Headers */ = {
			isa = PBXHeadersBuildPhase;
			buildActionMask = 2147483647;
			files = (
			);
			runOnlyForDeploymentPostprocessing = 0;
		};
		00D104542912B25F00425F1A /* Headers */ = {
			isa = PBXHeadersBuildPhase;
			buildActionMask = 2147483647;
			files = (
			);
			runOnlyForDeploymentPostprocessing = 0;
		};
/* End PBXHeadersBuildPhase section */

/* Begin PBXNativeTarget section */
		002BF9B329198F8A00F62490 /* QuizEngine_iOS */ = {
			isa = PBXNativeTarget;
			buildConfigurationList = 002BF9C729198F8A00F62490 /* Build configuration list for PBXNativeTarget "QuizEngine_iOS" */;
			buildPhases = (
				002BF9AF29198F8A00F62490 /* Headers */,
				002BF9B029198F8A00F62490 /* Sources */,
				002BF9B129198F8A00F62490 /* Frameworks */,
				002BF9B229198F8A00F62490 /* Resources */,
			);
			buildRules = (
			);
			dependencies = (
			);
			name = QuizEngine_iOS;
			productName = QuizEngine_iOS;
			productReference = 002BF9B429198F8A00F62490 /* QuizEngine.framework */;
			productType = "com.apple.product-type.framework";
		};
		002BF9BA29198F8A00F62490 /* QuizEngine_iOSTests */ = {
			isa = PBXNativeTarget;
			buildConfigurationList = 002BF9C829198F8A00F62490 /* Build configuration list for PBXNativeTarget "QuizEngine_iOSTests" */;
			buildPhases = (
				002BF9B729198F8A00F62490 /* Sources */,
				002BF9B829198F8A00F62490 /* Frameworks */,
				002BF9B929198F8A00F62490 /* Resources */,
			);
			buildRules = (
			);
			dependencies = (
				002BF9BE29198F8A00F62490 /* PBXTargetDependency */,
			);
			name = QuizEngine_iOSTests;
			productName = QuizEngine_iOSTests;
			productReference = 002BF9BB29198F8A00F62490 /* QuizEngine_iOSTests.xctest */;
			productType = "com.apple.product-type.bundle.unit-test";
		};
		00D104582912B25F00425F1A /* QuizEngine */ = {
			isa = PBXNativeTarget;
			buildConfigurationList = 00D1046D2912B25F00425F1A /* Build configuration list for PBXNativeTarget "QuizEngine" */;
			buildPhases = (
				0062F5D0296DDA8300EC821A /* SwiftLint */,
				00D104542912B25F00425F1A /* Headers */,
				00D104552912B25F00425F1A /* Sources */,
				00D104562912B25F00425F1A /* Frameworks */,
				00D104572912B25F00425F1A /* Resources */,
			);
			buildRules = (
			);
			dependencies = (
			);
			name = QuizEngine;
			productName = QuizEngine;
			productReference = 00D104592912B25F00425F1A /* QuizEngine.framework */;
			productType = "com.apple.product-type.framework";
		};
		00D104622912B25F00425F1A /* QuizEngineTests */ = {
			isa = PBXNativeTarget;
			buildConfigurationList = 00D104702912B25F00425F1A /* Build configuration list for PBXNativeTarget "QuizEngineTests" */;
			buildPhases = (
				00D1045F2912B25F00425F1A /* Sources */,
				00D104602912B25F00425F1A /* Frameworks */,
				00D104612912B25F00425F1A /* Resources */,
			);
			buildRules = (
			);
			dependencies = (
				00D104662912B25F00425F1A /* PBXTargetDependency */,
			);
			name = QuizEngineTests;
			productName = QuizEngineTests;
			productReference = 00D104632912B25F00425F1A /* QuizEngineTests.xctest */;
			productType = "com.apple.product-type.bundle.unit-test";
		};
/* End PBXNativeTarget section */

/* Begin PBXProject section */
		00D104502912B25F00425F1A /* Project object */ = {
			isa = PBXProject;
			attributes = {
				BuildIndependentTargetsInParallel = 1;
				LastSwiftUpdateCheck = 1410;
				LastUpgradeCheck = 1410;
				TargetAttributes = {
					002BF9B329198F8A00F62490 = {
						CreatedOnToolsVersion = 14.1;
					};
					002BF9BA29198F8A00F62490 = {
						CreatedOnToolsVersion = 14.1;
					};
					00D104582912B25F00425F1A = {
						CreatedOnToolsVersion = 14.0.1;
						LastSwiftMigration = 1400;
					};
					00D104622912B25F00425F1A = {
						CreatedOnToolsVersion = 14.0.1;
						LastSwiftMigration = 1400;
					};
				};
			};
			buildConfigurationList = 00D104532912B25F00425F1A /* Build configuration list for PBXProject "QuizEngine" */;
			compatibilityVersion = "Xcode 14.0";
			developmentRegion = en;
			hasScannedForEncodings = 0;
			knownRegions = (
				en,
				Base,
			);
			mainGroup = 00D1044F2912B25F00425F1A;
			productRefGroup = 00D1045A2912B25F00425F1A /* Products */;
			projectDirPath = "";
			projectRoot = "";
			targets = (
				00D104582912B25F00425F1A /* QuizEngine */,
				00D104622912B25F00425F1A /* QuizEngineTests */,
				002BF9B329198F8A00F62490 /* QuizEngine_iOS */,
				002BF9BA29198F8A00F62490 /* QuizEngine_iOSTests */,
			);
		};
/* End PBXProject section */

/* Begin PBXResourcesBuildPhase section */
		002BF9B229198F8A00F62490 /* Resources */ = {
			isa = PBXResourcesBuildPhase;
			buildActionMask = 2147483647;
			files = (
			);
			runOnlyForDeploymentPostprocessing = 0;
		};
		002BF9B929198F8A00F62490 /* Resources */ = {
			isa = PBXResourcesBuildPhase;
			buildActionMask = 2147483647;
			files = (
			);
			runOnlyForDeploymentPostprocessing = 0;
		};
		00D104572912B25F00425F1A /* Resources */ = {
			isa = PBXResourcesBuildPhase;
			buildActionMask = 2147483647;
			files = (
			);
			runOnlyForDeploymentPostprocessing = 0;
		};
		00D104612912B25F00425F1A /* Resources */ = {
			isa = PBXResourcesBuildPhase;
			buildActionMask = 2147483647;
			files = (
			);
			runOnlyForDeploymentPostprocessing = 0;
		};
/* End PBXResourcesBuildPhase section */

/* Begin PBXShellScriptBuildPhase section */
		0062F5D0296DDA8300EC821A /* SwiftLint */ = {
			isa = PBXShellScriptBuildPhase;
			alwaysOutOfDate = 1;
			buildActionMask = 2147483647;
			files = (
			);
			inputFileListPaths = (
			);
			inputPaths = (
			);
			name = SwiftLint;
			outputFileListPaths = (
			);
			outputPaths = (
			);
			runOnlyForDeploymentPostprocessing = 0;
			shellPath = /bin/sh;
			shellScript = "export PATH=\"$PATH:/opt/homebrew/bin\"\n\nif which swiftlint >/dev/null; then\n  swiftlint\nelse\n  echo \"warning: SwiftLint not installed, download from https://github.com/realm/SwiftLint\"\nfi\n";
		};
/* End PBXShellScriptBuildPhase section */

/* Begin PBXSourcesBuildPhase section */
		002BF9B029198F8A00F62490 /* Sources */ = {
			isa = PBXSourcesBuildPhase;
			buildActionMask = 2147483647;
			files = (
				0018907E291ED222005ED73D /* Question.swift in Sources */,
				002BF9CD2919925D00F62490 /* Result.swift in Sources */,
				002BF9CF2919925D00F62490 /* Flow.swift in Sources */,
				002BF9CE2919925D00F62490 /* Router.swift in Sources */,
				002BF9CC2919925D00F62490 /* Game.swift in Sources */,
			);
			runOnlyForDeploymentPostprocessing = 0;
		};
		002BF9B729198F8A00F62490 /* Sources */ = {
			isa = PBXSourcesBuildPhase;
			buildActionMask = 2147483647;
			files = (
				0048E69D292EA527004008F0 /* FlowTest.swift in Sources */,
				0048E69E292EA52E004008F0 /* DeprecatedGameTest.swift in Sources */,
				0048E69F292EA531004008F0 /* RouterSpy.swift in Sources */,
			);
			runOnlyForDeploymentPostprocessing = 0;
		};
		00D104552912B25F00425F1A /* Sources */ = {
			isa = PBXSourcesBuildPhase;
			buildActionMask = 2147483647;
			files = (
				0018907C291ED096005ED73D /* Question.swift in Sources */,
				0037C4C829199D80004937CA /* Router.swift in Sources */,
				0037C4C629199D80004937CA /* Result.swift in Sources */,
				0037C4C729199D80004937CA /* Game.swift in Sources */,
				0037C4C529199D80004937CA /* Flow.swift in Sources */,
			);
			runOnlyForDeploymentPostprocessing = 0;
		};
		00D1045F2912B25F00425F1A /* Sources */ = {
			isa = PBXSourcesBuildPhase;
			buildActionMask = 2147483647;
			files = (
				0037C4C929199DC9004937CA /* DeprecatedGameTest.swift in Sources */,
				0037C4CA29199DC9004937CA /* RouterSpy.swift in Sources */,
				0037C4CB29199DC9004937CA /* FlowTest.swift in Sources */,
			);
			runOnlyForDeploymentPostprocessing = 0;
		};
/* End PBXSourcesBuildPhase section */

/* Begin PBXTargetDependency section */
		002BF9BE29198F8A00F62490 /* PBXTargetDependency */ = {
			isa = PBXTargetDependency;
			target = 002BF9B329198F8A00F62490 /* QuizEngine_iOS */;
			targetProxy = 002BF9BD29198F8A00F62490 /* PBXContainerItemProxy */;
		};
		00D104662912B25F00425F1A /* PBXTargetDependency */ = {
			isa = PBXTargetDependency;
			target = 00D104582912B25F00425F1A /* QuizEngine */;
			targetProxy = 00D104652912B25F00425F1A /* PBXContainerItemProxy */;
		};
/* End PBXTargetDependency section */

/* Begin XCBuildConfiguration section */
		002BF9C329198F8A00F62490 /* Debug */ = {
			isa = XCBuildConfiguration;
			buildSettings = {
				CODE_SIGN_STYLE = Automatic;
				CURRENT_PROJECT_VERSION = 1;
				DEFINES_MODULE = YES;
				DEVELOPMENT_TEAM = M8677N6B2G;
				DYLIB_COMPATIBILITY_VERSION = 1;
				DYLIB_CURRENT_VERSION = 1;
				DYLIB_INSTALL_NAME_BASE = "@rpath";
				GENERATE_INFOPLIST_FILE = YES;
				INFOPLIST_FILE = "";
				INFOPLIST_KEY_NSHumanReadableCopyright = "";
				INSTALL_PATH = "$(LOCAL_LIBRARY_DIR)/Frameworks";
				IPHONEOS_DEPLOYMENT_TARGET = 14.0;
				LD_RUNPATH_SEARCH_PATHS = (
					"$(inherited)",
					"@executable_path/Frameworks",
					"@loader_path/Frameworks",
				);
				MARKETING_VERSION = 1.0;
				PRODUCT_BUNDLE_IDENTIFIER = "com.c6k3b.QuizEngine-iOS";
				PRODUCT_NAME = QuizEngine;
				SDKROOT = iphoneos;
				SKIP_INSTALL = YES;
				SUPPORTED_PLATFORMS = "iphoneos iphonesimulator";
				SUPPORTS_MACCATALYST = NO;
				SUPPORTS_MAC_DESIGNED_FOR_IPHONE_IPAD = NO;
				SWIFT_EMIT_LOC_STRINGS = YES;
				SWIFT_VERSION = 5.0;
				TARGETED_DEVICE_FAMILY = 1;
			};
			name = Debug;
		};
		002BF9C429198F8A00F62490 /* Release */ = {
			isa = XCBuildConfiguration;
			buildSettings = {
				CODE_SIGN_STYLE = Automatic;
				CURRENT_PROJECT_VERSION = 1;
				DEFINES_MODULE = YES;
				DEVELOPMENT_TEAM = M8677N6B2G;
				DYLIB_COMPATIBILITY_VERSION = 1;
				DYLIB_CURRENT_VERSION = 1;
				DYLIB_INSTALL_NAME_BASE = "@rpath";
				GENERATE_INFOPLIST_FILE = YES;
				INFOPLIST_FILE = "";
				INFOPLIST_KEY_NSHumanReadableCopyright = "";
				INSTALL_PATH = "$(LOCAL_LIBRARY_DIR)/Frameworks";
				IPHONEOS_DEPLOYMENT_TARGET = 14.0;
				LD_RUNPATH_SEARCH_PATHS = (
					"$(inherited)",
					"@executable_path/Frameworks",
					"@loader_path/Frameworks",
				);
				MARKETING_VERSION = 1.0;
				PRODUCT_BUNDLE_IDENTIFIER = "com.c6k3b.QuizEngine-iOS";
				PRODUCT_NAME = QuizEngine;
				SDKROOT = iphoneos;
				SKIP_INSTALL = YES;
				SUPPORTED_PLATFORMS = "iphoneos iphonesimulator";
				SUPPORTS_MACCATALYST = NO;
				SUPPORTS_MAC_DESIGNED_FOR_IPHONE_IPAD = NO;
				SWIFT_EMIT_LOC_STRINGS = YES;
				SWIFT_VERSION = 5.0;
				TARGETED_DEVICE_FAMILY = 1;
				VALIDATE_PRODUCT = YES;
			};
			name = Release;
		};
		002BF9C529198F8A00F62490 /* Debug */ = {
			isa = XCBuildConfiguration;
			buildSettings = {
				ALWAYS_EMBED_SWIFT_STANDARD_LIBRARIES = YES;
				CODE_SIGN_STYLE = Automatic;
				CURRENT_PROJECT_VERSION = 1;
				DEVELOPMENT_TEAM = M8677N6B2G;
				GENERATE_INFOPLIST_FILE = YES;
				INFOPLIST_FILE = "";
				IPHONEOS_DEPLOYMENT_TARGET = 14.0;
				MARKETING_VERSION = 1.0;
				PRODUCT_BUNDLE_IDENTIFIER = "com.c6k3b.QuizEngine-iOSTests";
				PRODUCT_NAME = "$(TARGET_NAME)";
				SDKROOT = iphoneos;
				SUPPORTED_PLATFORMS = "iphoneos iphonesimulator";
				SUPPORTS_MACCATALYST = NO;
				SUPPORTS_MAC_DESIGNED_FOR_IPHONE_IPAD = NO;
				SWIFT_EMIT_LOC_STRINGS = NO;
				SWIFT_VERSION = 5.0;
				TARGETED_DEVICE_FAMILY = 1;
			};
			name = Debug;
		};
		002BF9C629198F8A00F62490 /* Release */ = {
			isa = XCBuildConfiguration;
			buildSettings = {
				ALWAYS_EMBED_SWIFT_STANDARD_LIBRARIES = YES;
				CODE_SIGN_STYLE = Automatic;
				CURRENT_PROJECT_VERSION = 1;
				DEVELOPMENT_TEAM = M8677N6B2G;
				GENERATE_INFOPLIST_FILE = YES;
				INFOPLIST_FILE = "";
				IPHONEOS_DEPLOYMENT_TARGET = 14.0;
				MARKETING_VERSION = 1.0;
				PRODUCT_BUNDLE_IDENTIFIER = "com.c6k3b.QuizEngine-iOSTests";
				PRODUCT_NAME = "$(TARGET_NAME)";
				SDKROOT = iphoneos;
				SUPPORTED_PLATFORMS = "iphoneos iphonesimulator";
				SUPPORTS_MACCATALYST = NO;
				SUPPORTS_MAC_DESIGNED_FOR_IPHONE_IPAD = NO;
				SWIFT_EMIT_LOC_STRINGS = NO;
				SWIFT_VERSION = 5.0;
				TARGETED_DEVICE_FAMILY = 1;
				VALIDATE_PRODUCT = YES;
			};
			name = Release;
		};
		00D1046B2912B25F00425F1A /* Debug */ = {
			isa = XCBuildConfiguration;
			buildSettings = {
				ALWAYS_SEARCH_USER_PATHS = NO;
				CLANG_ANALYZER_NONNULL = YES;
				CLANG_ANALYZER_NUMBER_OBJECT_CONVERSION = YES_AGGRESSIVE;
				CLANG_CXX_LANGUAGE_STANDARD = "gnu++20";
				CLANG_ENABLE_MODULES = YES;
				CLANG_ENABLE_OBJC_ARC = YES;
				CLANG_ENABLE_OBJC_WEAK = YES;
				CLANG_WARN_BLOCK_CAPTURE_AUTORELEASING = YES;
				CLANG_WARN_BOOL_CONVERSION = YES;
				CLANG_WARN_COMMA = YES;
				CLANG_WARN_CONSTANT_CONVERSION = YES;
				CLANG_WARN_DEPRECATED_OBJC_IMPLEMENTATIONS = YES;
				CLANG_WARN_DIRECT_OBJC_ISA_USAGE = YES_ERROR;
				CLANG_WARN_DOCUMENTATION_COMMENTS = YES;
				CLANG_WARN_EMPTY_BODY = YES;
				CLANG_WARN_ENUM_CONVERSION = YES;
				CLANG_WARN_INFINITE_RECURSION = YES;
				CLANG_WARN_INT_CONVERSION = YES;
				CLANG_WARN_NON_LITERAL_NULL_CONVERSION = YES;
				CLANG_WARN_OBJC_IMPLICIT_RETAIN_SELF = YES;
				CLANG_WARN_OBJC_LITERAL_CONVERSION = YES;
				CLANG_WARN_OBJC_ROOT_CLASS = YES_ERROR;
				CLANG_WARN_QUOTED_INCLUDE_IN_FRAMEWORK_HEADER = YES;
				CLANG_WARN_RANGE_LOOP_ANALYSIS = YES;
				CLANG_WARN_STRICT_PROTOTYPES = YES;
				CLANG_WARN_SUSPICIOUS_MOVE = YES;
				CLANG_WARN_UNGUARDED_AVAILABILITY = YES_AGGRESSIVE;
				CLANG_WARN_UNREACHABLE_CODE = YES;
				CLANG_WARN__DUPLICATE_METHOD_MATCH = YES;
				COPY_PHASE_STRIP = NO;
				CURRENT_PROJECT_VERSION = 1;
				DEAD_CODE_STRIPPING = YES;
				DEBUG_INFORMATION_FORMAT = dwarf;
				ENABLE_STRICT_OBJC_MSGSEND = YES;
				ENABLE_TESTABILITY = YES;
				GCC_C_LANGUAGE_STANDARD = gnu11;
				GCC_DYNAMIC_NO_PIC = NO;
				GCC_NO_COMMON_BLOCKS = YES;
				GCC_OPTIMIZATION_LEVEL = 0;
				GCC_PREPROCESSOR_DEFINITIONS = (
					"DEBUG=1",
					"$(inherited)",
				);
				GCC_WARN_64_TO_32_BIT_CONVERSION = YES;
				GCC_WARN_ABOUT_RETURN_TYPE = YES_ERROR;
				GCC_WARN_UNDECLARED_SELECTOR = YES;
				GCC_WARN_UNINITIALIZED_AUTOS = YES_AGGRESSIVE;
				GCC_WARN_UNUSED_FUNCTION = YES;
				GCC_WARN_UNUSED_VARIABLE = YES;
				MACOSX_DEPLOYMENT_TARGET = 12.3;
				MTL_ENABLE_DEBUG_INFO = INCLUDE_SOURCE;
				MTL_FAST_MATH = YES;
				ONLY_ACTIVE_ARCH = YES;
				SDKROOT = macosx;
				SWIFT_ACTIVE_COMPILATION_CONDITIONS = DEBUG;
				SWIFT_OPTIMIZATION_LEVEL = "-Onone";
				VERSIONING_SYSTEM = "apple-generic";
				VERSION_INFO_PREFIX = "";
			};
			name = Debug;
		};
		00D1046C2912B25F00425F1A /* Release */ = {
			isa = XCBuildConfiguration;
			buildSettings = {
				ALWAYS_SEARCH_USER_PATHS = NO;
				CLANG_ANALYZER_NONNULL = YES;
				CLANG_ANALYZER_NUMBER_OBJECT_CONVERSION = YES_AGGRESSIVE;
				CLANG_CXX_LANGUAGE_STANDARD = "gnu++20";
				CLANG_ENABLE_MODULES = YES;
				CLANG_ENABLE_OBJC_ARC = YES;
				CLANG_ENABLE_OBJC_WEAK = YES;
				CLANG_WARN_BLOCK_CAPTURE_AUTORELEASING = YES;
				CLANG_WARN_BOOL_CONVERSION = YES;
				CLANG_WARN_COMMA = YES;
				CLANG_WARN_CONSTANT_CONVERSION = YES;
				CLANG_WARN_DEPRECATED_OBJC_IMPLEMENTATIONS = YES;
				CLANG_WARN_DIRECT_OBJC_ISA_USAGE = YES_ERROR;
				CLANG_WARN_DOCUMENTATION_COMMENTS = YES;
				CLANG_WARN_EMPTY_BODY = YES;
				CLANG_WARN_ENUM_CONVERSION = YES;
				CLANG_WARN_INFINITE_RECURSION = YES;
				CLANG_WARN_INT_CONVERSION = YES;
				CLANG_WARN_NON_LITERAL_NULL_CONVERSION = YES;
				CLANG_WARN_OBJC_IMPLICIT_RETAIN_SELF = YES;
				CLANG_WARN_OBJC_LITERAL_CONVERSION = YES;
				CLANG_WARN_OBJC_ROOT_CLASS = YES_ERROR;
				CLANG_WARN_QUOTED_INCLUDE_IN_FRAMEWORK_HEADER = YES;
				CLANG_WARN_RANGE_LOOP_ANALYSIS = YES;
				CLANG_WARN_STRICT_PROTOTYPES = YES;
				CLANG_WARN_SUSPICIOUS_MOVE = YES;
				CLANG_WARN_UNGUARDED_AVAILABILITY = YES_AGGRESSIVE;
				CLANG_WARN_UNREACHABLE_CODE = YES;
				CLANG_WARN__DUPLICATE_METHOD_MATCH = YES;
				COPY_PHASE_STRIP = NO;
				CURRENT_PROJECT_VERSION = 1;
				DEAD_CODE_STRIPPING = YES;
				DEBUG_INFORMATION_FORMAT = "dwarf-with-dsym";
				ENABLE_NS_ASSERTIONS = NO;
				ENABLE_STRICT_OBJC_MSGSEND = YES;
				GCC_C_LANGUAGE_STANDARD = gnu11;
				GCC_NO_COMMON_BLOCKS = YES;
				GCC_WARN_64_TO_32_BIT_CONVERSION = YES;
				GCC_WARN_ABOUT_RETURN_TYPE = YES_ERROR;
				GCC_WARN_UNDECLARED_SELECTOR = YES;
				GCC_WARN_UNINITIALIZED_AUTOS = YES_AGGRESSIVE;
				GCC_WARN_UNUSED_FUNCTION = YES;
				GCC_WARN_UNUSED_VARIABLE = YES;
				MACOSX_DEPLOYMENT_TARGET = 12.3;
				MTL_ENABLE_DEBUG_INFO = NO;
				MTL_FAST_MATH = YES;
				SDKROOT = macosx;
				SWIFT_COMPILATION_MODE = wholemodule;
				SWIFT_OPTIMIZATION_LEVEL = "-O";
				VERSIONING_SYSTEM = "apple-generic";
				VERSION_INFO_PREFIX = "";
			};
			name = Release;
		};
		00D1046E2912B25F00425F1A /* Debug */ = {
			isa = XCBuildConfiguration;
			buildSettings = {
				CLANG_ENABLE_MODULES = YES;
				CODE_SIGN_IDENTITY = "";
				"CODE_SIGN_IDENTITY[sdk=macosx*]" = "Apple Development";
				CODE_SIGN_STYLE = Manual;
				COMBINE_HIDPI_IMAGES = YES;
				CURRENT_PROJECT_VERSION = 1;
				DEAD_CODE_STRIPPING = YES;
				DEFINES_MODULE = YES;
				DEVELOPMENT_TEAM = "";
				DYLIB_COMPATIBILITY_VERSION = 1;
				DYLIB_CURRENT_VERSION = 1;
				DYLIB_INSTALL_NAME_BASE = "@rpath";
				GENERATE_INFOPLIST_FILE = YES;
				INFOPLIST_FILE = "";
				INFOPLIST_KEY_NSHumanReadableCopyright = "";
				INSTALL_PATH = "$(LOCAL_LIBRARY_DIR)/Frameworks";
				LD_RUNPATH_SEARCH_PATHS = (
					"$(inherited)",
					"@executable_path/../Frameworks",
					"@loader_path/Frameworks",
				);
				MARKETING_VERSION = 1.0;
				PRODUCT_BUNDLE_IDENTIFIER = com.QuizEngine;
				PRODUCT_NAME = "$(TARGET_NAME:c99extidentifier)";
				PROVISIONING_PROFILE_SPECIFIER = "";
				SKIP_INSTALL = YES;
				SWIFT_EMIT_LOC_STRINGS = YES;
				SWIFT_OPTIMIZATION_LEVEL = "-Onone";
				SWIFT_VERSION = 5.0;
			};
			name = Debug;
		};
		00D1046F2912B25F00425F1A /* Release */ = {
			isa = XCBuildConfiguration;
			buildSettings = {
				CLANG_ENABLE_MODULES = YES;
				CODE_SIGN_IDENTITY = "";
				"CODE_SIGN_IDENTITY[sdk=macosx*]" = "Apple Development";
				CODE_SIGN_STYLE = Manual;
				COMBINE_HIDPI_IMAGES = YES;
				CURRENT_PROJECT_VERSION = 1;
				DEAD_CODE_STRIPPING = YES;
				DEFINES_MODULE = YES;
				DEVELOPMENT_TEAM = "";
				DYLIB_COMPATIBILITY_VERSION = 1;
				DYLIB_CURRENT_VERSION = 1;
				DYLIB_INSTALL_NAME_BASE = "@rpath";
				GENERATE_INFOPLIST_FILE = YES;
				INFOPLIST_FILE = "";
				INFOPLIST_KEY_NSHumanReadableCopyright = "";
				INSTALL_PATH = "$(LOCAL_LIBRARY_DIR)/Frameworks";
				LD_RUNPATH_SEARCH_PATHS = (
					"$(inherited)",
					"@executable_path/../Frameworks",
					"@loader_path/Frameworks",
				);
				MARKETING_VERSION = 1.0;
				PRODUCT_BUNDLE_IDENTIFIER = com.QuizEngine;
				PRODUCT_NAME = "$(TARGET_NAME:c99extidentifier)";
				PROVISIONING_PROFILE_SPECIFIER = "";
				SKIP_INSTALL = YES;
				SWIFT_EMIT_LOC_STRINGS = YES;
				SWIFT_VERSION = 5.0;
			};
			name = Release;
		};
		00D104712912B25F00425F1A /* Debug */ = {
			isa = XCBuildConfiguration;
			buildSettings = {
				ALWAYS_EMBED_SWIFT_STANDARD_LIBRARIES = YES;
				CLANG_ENABLE_MODULES = YES;
				CODE_SIGN_STYLE = Manual;
				CURRENT_PROJECT_VERSION = 1;
				DEAD_CODE_STRIPPING = YES;
				DEVELOPMENT_TEAM = "";
				GENERATE_INFOPLIST_FILE = YES;
				INFOPLIST_FILE = "";
				LD_RUNPATH_SEARCH_PATHS = (
					"$(inherited)",
					"@executable_path/../Frameworks",
					"@loader_path/../Frameworks",
				);
				MARKETING_VERSION = 1.0;
				PRODUCT_BUNDLE_IDENTIFIER = com.QuizEngineTests;
				PRODUCT_NAME = "$(TARGET_NAME)";
				PROVISIONING_PROFILE_SPECIFIER = "";
				SWIFT_EMIT_LOC_STRINGS = NO;
				SWIFT_OPTIMIZATION_LEVEL = "-Onone";
				SWIFT_VERSION = 5.0;
			};
			name = Debug;
		};
		00D104722912B25F00425F1A /* Release */ = {
			isa = XCBuildConfiguration;
			buildSettings = {
				ALWAYS_EMBED_SWIFT_STANDARD_LIBRARIES = YES;
				CLANG_ENABLE_MODULES = YES;
				CODE_SIGN_STYLE = Manual;
				CURRENT_PROJECT_VERSION = 1;
				DEAD_CODE_STRIPPING = YES;
				DEVELOPMENT_TEAM = "";
				GENERATE_INFOPLIST_FILE = YES;
				INFOPLIST_FILE = "";
				LD_RUNPATH_SEARCH_PATHS = (
					"$(inherited)",
					"@executable_path/../Frameworks",
					"@loader_path/../Frameworks",
				);
				MARKETING_VERSION = 1.0;
				PRODUCT_BUNDLE_IDENTIFIER = com.QuizEngineTests;
				PRODUCT_NAME = "$(TARGET_NAME)";
				PROVISIONING_PROFILE_SPECIFIER = "";
				SWIFT_EMIT_LOC_STRINGS = NO;
				SWIFT_VERSION = 5.0;
			};
			name = Release;
		};
/* End XCBuildConfiguration section */

/* Begin XCConfigurationList section */
		002BF9C729198F8A00F62490 /* Build configuration list for PBXNativeTarget "QuizEngine_iOS" */ = {
			isa = XCConfigurationList;
			buildConfigurations = (
				002BF9C329198F8A00F62490 /* Debug */,
				002BF9C429198F8A00F62490 /* Release */,
			);
			defaultConfigurationIsVisible = 0;
			defaultConfigurationName = Release;
		};
		002BF9C829198F8A00F62490 /* Build configuration list for PBXNativeTarget "QuizEngine_iOSTests" */ = {
			isa = XCConfigurationList;
			buildConfigurations = (
				002BF9C529198F8A00F62490 /* Debug */,
				002BF9C629198F8A00F62490 /* Release */,
			);
			defaultConfigurationIsVisible = 0;
			defaultConfigurationName = Release;
		};
		00D104532912B25F00425F1A /* Build configuration list for PBXProject "QuizEngine" */ = {
			isa = XCConfigurationList;
			buildConfigurations = (
				00D1046B2912B25F00425F1A /* Debug */,
				00D1046C2912B25F00425F1A /* Release */,
			);
			defaultConfigurationIsVisible = 0;
			defaultConfigurationName = Release;
		};
		00D1046D2912B25F00425F1A /* Build configuration list for PBXNativeTarget "QuizEngine" */ = {
			isa = XCConfigurationList;
			buildConfigurations = (
				00D1046E2912B25F00425F1A /* Debug */,
				00D1046F2912B25F00425F1A /* Release */,
			);
			defaultConfigurationIsVisible = 0;
			defaultConfigurationName = Release;
		};
		00D104702912B25F00425F1A /* Build configuration list for PBXNativeTarget "QuizEngineTests" */ = {
			isa = XCConfigurationList;
			buildConfigurations = (
				00D104712912B25F00425F1A /* Debug */,
				00D104722912B25F00425F1A /* Release */,
			);
			defaultConfigurationIsVisible = 0;
			defaultConfigurationName = Release;
		};
/* End XCConfigurationList section */
	};
	rootObject = 00D104502912B25F00425F1A /* Project object */;
}
